// !$*UTF8*$!
{
	archiveVersion = 1;
	classes = {
	};
	objectVersion = 55;
	objects = {

/* Begin PBXBuildFile section */
		380AFA9F592E410719BD78F1 /* Pods_Chat.framework in Frameworks */ = {isa = PBXBuildFile; fileRef = 6CCED6C3E39D23EBDF778195 /* Pods_Chat.framework */; };
		400142E6282EBA8400E5D497 /* ChatApp.swift in Sources */ = {isa = PBXBuildFile; fileRef = 400142E5282EBA8400E5D497 /* ChatApp.swift */; };
		400142E8282EBA8400E5D497 /* RootView.swift in Sources */ = {isa = PBXBuildFile; fileRef = 400142E7282EBA8400E5D497 /* RootView.swift */; };
		400142EA282EBA8500E5D497 /* Assets.xcassets in Resources */ = {isa = PBXBuildFile; fileRef = 400142E9282EBA8500E5D497 /* Assets.xcassets */; };
		400142ED282EBA8500E5D497 /* Preview Assets.xcassets in Resources */ = {isa = PBXBuildFile; fileRef = 400142EC282EBA8500E5D497 /* Preview Assets.xcassets */; };
		4024EB01283802130082E739 /* CustomAlert.swift in Sources */ = {isa = PBXBuildFile; fileRef = 4024EB00283802130082E739 /* CustomAlert.swift */; };
		4024EB0328382AE80082E739 /* SideMenuView.swift in Sources */ = {isa = PBXBuildFile; fileRef = 4024EB0228382AE80082E739 /* SideMenuView.swift */; };
		4024EB0728382B030082E739 /* SideMenuHeaderView.swift in Sources */ = {isa = PBXBuildFile; fileRef = 4024EB0628382B030082E739 /* SideMenuHeaderView.swift */; };
		4024EB0928382B190082E739 /* SideMenuOptionView.swift in Sources */ = {isa = PBXBuildFile; fileRef = 4024EB0828382B190082E739 /* SideMenuOptionView.swift */; };
		4024EB0B28382D960082E739 /* SideMenuViewModel.swift in Sources */ = {isa = PBXBuildFile; fileRef = 4024EB0A28382D960082E739 /* SideMenuViewModel.swift */; };
		4024EB0F28393CF40082E739 /* HomeView.swift in Sources */ = {isa = PBXBuildFile; fileRef = 4024EB0E28393CF40082E739 /* HomeView.swift */; };
		4024EB17283944D20082E739 /* ChatTests.swift in Sources */ = {isa = PBXBuildFile; fileRef = 4024EB16283944D20082E739 /* ChatTests.swift */; };
		4056D63B2833D8E8000A0872 /* SingUpView.swift in Sources */ = {isa = PBXBuildFile; fileRef = 4056D63A2833D8E8000A0872 /* SingUpView.swift */; };
		4056D63D2833DD17000A0872 /* AppViewModel.swift in Sources */ = {isa = PBXBuildFile; fileRef = 4056D63C2833DD17000A0872 /* AppViewModel.swift */; };
		4056D6412834024B000A0872 /* ConversationListRow.swift in Sources */ = {isa = PBXBuildFile; fileRef = 4056D6402834024B000A0872 /* ConversationListRow.swift */; };
		405FD37F282FEFD200361396 /* SignInView.swift in Sources */ = {isa = PBXBuildFile; fileRef = 405FD37E282FEFD200361396 /* SignInView.swift */; };
		4076E0AB283FA46900E21131 /* FirebaseAuth in Frameworks */ = {isa = PBXBuildFile; productRef = 4076E0AA283FA46900E21131 /* FirebaseAuth */; };
		4076E0AD283FB54A00E21131 /* LoaderView.swift in Sources */ = {isa = PBXBuildFile; fileRef = 4076E0AC283FB54A00E21131 /* LoaderView.swift */; };
		4077703728341D1400BDD8A6 /* ChatListViewModel.swift in Sources */ = {isa = PBXBuildFile; fileRef = 4077703628341D1400BDD8A6 /* ChatListViewModel.swift */; };
		408E26122832C44800CE108E /* MainView.swift in Sources */ = {isa = PBXBuildFile; fileRef = 408E26112832C44800CE108E /* MainView.swift */; };
		4094461528301F8D00239F7B /* GoogleService-Info.plist in Resources */ = {isa = PBXBuildFile; fileRef = 4094461428301F8D00239F7B /* GoogleService-Info.plist */; };
		40C3A103283A94E500A9683A /* GoogleSignIn in Frameworks */ = {isa = PBXBuildFile; productRef = 40C3A102283A94E500A9683A /* GoogleSignIn */; };
/* End PBXBuildFile section */

/* Begin PBXContainerItemProxy section */
		4024EB18283944D20082E739 /* PBXContainerItemProxy */ = {
			isa = PBXContainerItemProxy;
			containerPortal = 400142DA282EBA8400E5D497 /* Project object */;
			proxyType = 1;
			remoteGlobalIDString = 400142E1282EBA8400E5D497;
			remoteInfo = Chat;
		};
/* End PBXContainerItemProxy section */

/* Begin PBXFileReference section */
		06ABDC3974206FEF677CB546 /* Pods-Chat.release.xcconfig */ = {isa = PBXFileReference; includeInIndex = 1; lastKnownFileType = text.xcconfig; name = "Pods-Chat.release.xcconfig"; path = "Target Support Files/Pods-Chat/Pods-Chat.release.xcconfig"; sourceTree = "<group>"; };
		400142E2282EBA8400E5D497 /* Chat.app */ = {isa = PBXFileReference; explicitFileType = wrapper.application; includeInIndex = 0; path = Chat.app; sourceTree = BUILT_PRODUCTS_DIR; };
		400142E5282EBA8400E5D497 /* ChatApp.swift */ = {isa = PBXFileReference; lastKnownFileType = sourcecode.swift; path = ChatApp.swift; sourceTree = "<group>"; };
		400142E7282EBA8400E5D497 /* RootView.swift */ = {isa = PBXFileReference; lastKnownFileType = sourcecode.swift; path = RootView.swift; sourceTree = "<group>"; };
		400142E9282EBA8500E5D497 /* Assets.xcassets */ = {isa = PBXFileReference; lastKnownFileType = folder.assetcatalog; name = Assets.xcassets; path = Chat/Assets.xcassets; sourceTree = SOURCE_ROOT; };
		400142EC282EBA8500E5D497 /* Preview Assets.xcassets */ = {isa = PBXFileReference; lastKnownFileType = folder.assetcatalog; path = "Preview Assets.xcassets"; sourceTree = "<group>"; };
		4024EB00283802130082E739 /* CustomAlert.swift */ = {isa = PBXFileReference; lastKnownFileType = sourcecode.swift; path = CustomAlert.swift; sourceTree = "<group>"; };
		4024EB0228382AE80082E739 /* SideMenuView.swift */ = {isa = PBXFileReference; lastKnownFileType = sourcecode.swift; path = SideMenuView.swift; sourceTree = "<group>"; };
		4024EB0628382B030082E739 /* SideMenuHeaderView.swift */ = {isa = PBXFileReference; lastKnownFileType = sourcecode.swift; path = SideMenuHeaderView.swift; sourceTree = "<group>"; };
		4024EB0828382B190082E739 /* SideMenuOptionView.swift */ = {isa = PBXFileReference; lastKnownFileType = sourcecode.swift; path = SideMenuOptionView.swift; sourceTree = "<group>"; };
		4024EB0A28382D960082E739 /* SideMenuViewModel.swift */ = {isa = PBXFileReference; lastKnownFileType = sourcecode.swift; path = SideMenuViewModel.swift; sourceTree = "<group>"; };
		4024EB0E28393CF40082E739 /* HomeView.swift */ = {isa = PBXFileReference; lastKnownFileType = sourcecode.swift; path = HomeView.swift; sourceTree = "<group>"; };
		4024EB14283944D20082E739 /* ChatTests.xctest */ = {isa = PBXFileReference; explicitFileType = wrapper.cfbundle; includeInIndex = 0; path = ChatTests.xctest; sourceTree = BUILT_PRODUCTS_DIR; };
		4024EB16283944D20082E739 /* ChatTests.swift */ = {isa = PBXFileReference; lastKnownFileType = sourcecode.swift; path = ChatTests.swift; sourceTree = "<group>"; };
		4056D63A2833D8E8000A0872 /* SingUpView.swift */ = {isa = PBXFileReference; lastKnownFileType = sourcecode.swift; path = SingUpView.swift; sourceTree = "<group>"; };
		4056D63C2833DD17000A0872 /* AppViewModel.swift */ = {isa = PBXFileReference; lastKnownFileType = sourcecode.swift; path = AppViewModel.swift; sourceTree = "<group>"; };
		4056D6402834024B000A0872 /* ConversationListRow.swift */ = {isa = PBXFileReference; lastKnownFileType = sourcecode.swift; path = ConversationListRow.swift; sourceTree = "<group>"; };
		405FD37E282FEFD200361396 /* SignInView.swift */ = {isa = PBXFileReference; lastKnownFileType = sourcecode.swift; path = SignInView.swift; sourceTree = "<group>"; };
		4076E0AC283FB54A00E21131 /* LoaderView.swift */ = {isa = PBXFileReference; lastKnownFileType = sourcecode.swift; path = LoaderView.swift; sourceTree = "<group>"; };
		4077703628341D1400BDD8A6 /* ChatListViewModel.swift */ = {isa = PBXFileReference; lastKnownFileType = sourcecode.swift; path = ChatListViewModel.swift; sourceTree = "<group>"; };
		408E26112832C44800CE108E /* MainView.swift */ = {isa = PBXFileReference; lastKnownFileType = sourcecode.swift; path = MainView.swift; sourceTree = "<group>"; };
		4094461428301F8D00239F7B /* GoogleService-Info.plist */ = {isa = PBXFileReference; fileEncoding = 4; lastKnownFileType = text.plist.xml; path = "GoogleService-Info.plist"; sourceTree = "<group>"; };
		40B2DA18283A7A3900965DC5 /* Chat.entitlements */ = {isa = PBXFileReference; lastKnownFileType = text.plist.entitlements; path = Chat.entitlements; sourceTree = "<group>"; };
		40C3A104283A958A00A9683A /* Info.plist */ = {isa = PBXFileReference; lastKnownFileType = text.plist; path = Info.plist; sourceTree = "<group>"; };
		6CCED6C3E39D23EBDF778195 /* Pods_Chat.framework */ = {isa = PBXFileReference; explicitFileType = wrapper.framework; includeInIndex = 0; path = Pods_Chat.framework; sourceTree = BUILT_PRODUCTS_DIR; };
		C26B5DF84EDC9F14036E988A /* Pods-Chat.debug.xcconfig */ = {isa = PBXFileReference; includeInIndex = 1; lastKnownFileType = text.xcconfig; name = "Pods-Chat.debug.xcconfig"; path = "Target Support Files/Pods-Chat/Pods-Chat.debug.xcconfig"; sourceTree = "<group>"; };
/* End PBXFileReference section */

/* Begin PBXFrameworksBuildPhase section */
		400142DF282EBA8400E5D497 /* Frameworks */ = {
			isa = PBXFrameworksBuildPhase;
			buildActionMask = 2147483647;
			files = (
				380AFA9F592E410719BD78F1 /* Pods_Chat.framework in Frameworks */,
				4076E0AB283FA46900E21131 /* FirebaseAuth in Frameworks */,
				40C3A103283A94E500A9683A /* GoogleSignIn in Frameworks */,
			);
			runOnlyForDeploymentPostprocessing = 0;
		};
		4024EB11283944D20082E739 /* Frameworks */ = {
			isa = PBXFrameworksBuildPhase;
			buildActionMask = 2147483647;
			files = (
			);
			runOnlyForDeploymentPostprocessing = 0;
		};
/* End PBXFrameworksBuildPhase section */

/* Begin PBXGroup section */
		400142D9282EBA8400E5D497 = {
			isa = PBXGroup;
			children = (
				400142E4282EBA8400E5D497 /* Chat */,
				4024EB15283944D20082E739 /* ChatTests */,
				400142E3282EBA8400E5D497 /* Products */,
				400142F7282EC07900E5D497 /* Frameworks */,
				D3AA5A23459CEF3DE164D5E8 /* Pods */,
			);
			sourceTree = "<group>";
		};
		400142E3282EBA8400E5D497 /* Products */ = {
			isa = PBXGroup;
			children = (
				400142E2282EBA8400E5D497 /* Chat.app */,
				4024EB14283944D20082E739 /* ChatTests.xctest */,
			);
			name = Products;
			sourceTree = "<group>";
		};
		400142E4282EBA8400E5D497 /* Chat */ = {
			isa = PBXGroup;
			children = (
				40C3A104283A958A00A9683A /* Info.plist */,
				40B2DA18283A7A3900965DC5 /* Chat.entitlements */,
				4094461428301F8D00239F7B /* GoogleService-Info.plist */,
				400142F5282EBACF00E5D497 /* Model */,
				400142F4282EBAC000E5D497 /* ViewModel */,
				400142F3282EBAB900E5D497 /* View */,
				400142E5282EBA8400E5D497 /* ChatApp.swift */,
				400142E9282EBA8500E5D497 /* Assets.xcassets */,
				400142EB282EBA8500E5D497 /* Preview Content */,
			);
			path = Chat;
			sourceTree = "<group>";
		};
		400142EB282EBA8500E5D497 /* Preview Content */ = {
			isa = PBXGroup;
			children = (
				400142EC282EBA8500E5D497 /* Preview Assets.xcassets */,
			);
			path = "Preview Content";
			sourceTree = "<group>";
		};
		400142F3282EBAB900E5D497 /* View */ = {
			isa = PBXGroup;
			children = (
				400142E7282EBA8400E5D497 /* RootView.swift */,
				405FD37E282FEFD200361396 /* SignInView.swift */,
				408E26112832C44800CE108E /* MainView.swift */,
				4056D63A2833D8E8000A0872 /* SingUpView.swift */,
				4056D6402834024B000A0872 /* ConversationListRow.swift */,
				4024EB00283802130082E739 /* CustomAlert.swift */,
				40C3A105283AA2DB00A9683A /* SideMenuViews */,
				4024EB0E28393CF40082E739 /* HomeView.swift */,
				4076E0AC283FB54A00E21131 /* LoaderView.swift */,
			);
			path = View;
			sourceTree = "<group>";
		};
		400142F4282EBAC000E5D497 /* ViewModel */ = {
			isa = PBXGroup;
			children = (
				4077703628341D1400BDD8A6 /* ChatListViewModel.swift */,
				4056D63C2833DD17000A0872 /* AppViewModel.swift */,
				4024EB0A28382D960082E739 /* SideMenuViewModel.swift */,
			);
			path = ViewModel;
			sourceTree = "<group>";
		};
		400142F5282EBACF00E5D497 /* Model */ = {
			isa = PBXGroup;
			children = (
			);
			path = Model;
			sourceTree = "<group>";
		};
		400142F7282EC07900E5D497 /* Frameworks */ = {
			isa = PBXGroup;
			children = (
				6CCED6C3E39D23EBDF778195 /* Pods_Chat.framework */,
			);
			name = Frameworks;
			sourceTree = "<group>";
		};
		4024EB15283944D20082E739 /* ChatTests */ = {
			isa = PBXGroup;
			children = (
				4024EB16283944D20082E739 /* ChatTests.swift */,
			);
			path = ChatTests;
			sourceTree = "<group>";
		};
		40C3A105283AA2DB00A9683A /* SideMenuViews */ = {
			isa = PBXGroup;
			children = (
				4024EB0228382AE80082E739 /* SideMenuView.swift */,
				4024EB0628382B030082E739 /* SideMenuHeaderView.swift */,
				4024EB0828382B190082E739 /* SideMenuOptionView.swift */,
			);
			path = SideMenuViews;
			sourceTree = "<group>";
		};
		D3AA5A23459CEF3DE164D5E8 /* Pods */ = {
			isa = PBXGroup;
			children = (
				C26B5DF84EDC9F14036E988A /* Pods-Chat.debug.xcconfig */,
				06ABDC3974206FEF677CB546 /* Pods-Chat.release.xcconfig */,
			);
			path = Pods;
			sourceTree = "<group>";
		};
/* End PBXGroup section */

/* Begin PBXNativeTarget section */
		400142E1282EBA8400E5D497 /* Chat */ = {
			isa = PBXNativeTarget;
			buildConfigurationList = 400142F0282EBA8500E5D497 /* Build configuration list for PBXNativeTarget "Chat" */;
			buildPhases = (
				038100CF070B6B5C4FDDC4E1 /* [CP] Check Pods Manifest.lock */,
				400142DE282EBA8400E5D497 /* Sources */,
				400142DF282EBA8400E5D497 /* Frameworks */,
				400142E0282EBA8400E5D497 /* Resources */,
			);
			buildRules = (
			);
			dependencies = (
			);
			name = Chat;
			packageProductDependencies = (
				40C3A102283A94E500A9683A /* GoogleSignIn */,
				4076E0AA283FA46900E21131 /* FirebaseAuth */,
			);
			productName = Chat;
			productReference = 400142E2282EBA8400E5D497 /* Chat.app */;
			productType = "com.apple.product-type.application";
		};
		4024EB13283944D20082E739 /* ChatTests */ = {
			isa = PBXNativeTarget;
			buildConfigurationList = 4024EB1A283944D20082E739 /* Build configuration list for PBXNativeTarget "ChatTests" */;
			buildPhases = (
				4024EB10283944D20082E739 /* Sources */,
				4024EB11283944D20082E739 /* Frameworks */,
				4024EB12283944D20082E739 /* Resources */,
			);
			buildRules = (
			);
			dependencies = (
				4024EB19283944D20082E739 /* PBXTargetDependency */,
			);
			name = ChatTests;
			productName = ChatTests;
			productReference = 4024EB14283944D20082E739 /* ChatTests.xctest */;
			productType = "com.apple.product-type.bundle.unit-test";
		};
/* End PBXNativeTarget section */

/* Begin PBXProject section */
		400142DA282EBA8400E5D497 /* Project object */ = {
			isa = PBXProject;
			attributes = {
				BuildIndependentTargetsInParallel = 1;
				LastSwiftUpdateCheck = 1340;
				LastUpgradeCheck = 1320;
				TargetAttributes = {
					400142E1282EBA8400E5D497 = {
						CreatedOnToolsVersion = 13.2.1;
					};
					4024EB13283944D20082E739 = {
						CreatedOnToolsVersion = 13.4;
						TestTargetID = 400142E1282EBA8400E5D497;
					};
				};
			};
			buildConfigurationList = 400142DD282EBA8400E5D497 /* Build configuration list for PBXProject "Chat" */;
			compatibilityVersion = "Xcode 13.0";
			developmentRegion = en;
			hasScannedForEncodings = 0;
			knownRegions = (
				en,
				Base,
			);
			mainGroup = 400142D9282EBA8400E5D497;
			packageReferences = (
				40C3A101283A94E500A9683A /* XCRemoteSwiftPackageReference "GoogleSignIn-iOS" */,
				4076E0A9283FA46900E21131 /* XCRemoteSwiftPackageReference "firebase-ios-sdk" */,
			);
			productRefGroup = 400142E3282EBA8400E5D497 /* Products */;
			projectDirPath = "";
			projectRoot = "";
			targets = (
				400142E1282EBA8400E5D497 /* Chat */,
				4024EB13283944D20082E739 /* ChatTests */,
			);
		};
/* End PBXProject section */

/* Begin PBXResourcesBuildPhase section */
		400142E0282EBA8400E5D497 /* Resources */ = {
			isa = PBXResourcesBuildPhase;
			buildActionMask = 2147483647;
			files = (
				400142ED282EBA8500E5D497 /* Preview Assets.xcassets in Resources */,
				400142EA282EBA8500E5D497 /* Assets.xcassets in Resources */,
				4094461528301F8D00239F7B /* GoogleService-Info.plist in Resources */,
			);
			runOnlyForDeploymentPostprocessing = 0;
		};
		4024EB12283944D20082E739 /* Resources */ = {
			isa = PBXResourcesBuildPhase;
			buildActionMask = 2147483647;
			files = (
			);
			runOnlyForDeploymentPostprocessing = 0;
		};
/* End PBXResourcesBuildPhase section */

/* Begin PBXShellScriptBuildPhase section */
		038100CF070B6B5C4FDDC4E1 /* [CP] Check Pods Manifest.lock */ = {
			isa = PBXShellScriptBuildPhase;
			buildActionMask = 2147483647;
			files = (
			);
			inputFileListPaths = (
			);
			inputPaths = (
				"${PODS_PODFILE_DIR_PATH}/Podfile.lock",
				"${PODS_ROOT}/Manifest.lock",
			);
			name = "[CP] Check Pods Manifest.lock";
			outputFileListPaths = (
			);
			outputPaths = (
				"$(DERIVED_FILE_DIR)/Pods-Chat-checkManifestLockResult.txt",
			);
			runOnlyForDeploymentPostprocessing = 0;
			shellPath = /bin/sh;
			shellScript = "diff \"${PODS_PODFILE_DIR_PATH}/Podfile.lock\" \"${PODS_ROOT}/Manifest.lock\" > /dev/null\nif [ $? != 0 ] ; then\n    # print error to STDERR\n    echo \"error: The sandbox is not in sync with the Podfile.lock. Run 'pod install' or update your CocoaPods installation.\" >&2\n    exit 1\nfi\n# This output is used by Xcode 'outputs' to avoid re-running this script phase.\necho \"SUCCESS\" > \"${SCRIPT_OUTPUT_FILE_0}\"\n";
			showEnvVarsInLog = 0;
		};
/* End PBXShellScriptBuildPhase section */

/* Begin PBXSourcesBuildPhase section */
		400142DE282EBA8400E5D497 /* Sources */ = {
			isa = PBXSourcesBuildPhase;
			buildActionMask = 2147483647;
			files = (
				4056D63B2833D8E8000A0872 /* SingUpView.swift in Sources */,
				4024EB0F28393CF40082E739 /* HomeView.swift in Sources */,
				4076E0AD283FB54A00E21131 /* LoaderView.swift in Sources */,
				405FD37F282FEFD200361396 /* SignInView.swift in Sources */,
				4024EB0328382AE80082E739 /* SideMenuView.swift in Sources */,
				4056D6412834024B000A0872 /* ConversationListRow.swift in Sources */,
				4024EB01283802130082E739 /* CustomAlert.swift in Sources */,
				4024EB0928382B190082E739 /* SideMenuOptionView.swift in Sources */,
				4024EB0728382B030082E739 /* SideMenuHeaderView.swift in Sources */,
				4056D63D2833DD17000A0872 /* AppViewModel.swift in Sources */,
				4024EB0B28382D960082E739 /* SideMenuViewModel.swift in Sources */,
				408E26122832C44800CE108E /* MainView.swift in Sources */,
				400142E8282EBA8400E5D497 /* RootView.swift in Sources */,
				4077703728341D1400BDD8A6 /* ChatListViewModel.swift in Sources */,
				400142E6282EBA8400E5D497 /* ChatApp.swift in Sources */,
			);
			runOnlyForDeploymentPostprocessing = 0;
		};
		4024EB10283944D20082E739 /* Sources */ = {
			isa = PBXSourcesBuildPhase;
			buildActionMask = 2147483647;
			files = (
				4024EB17283944D20082E739 /* ChatTests.swift in Sources */,
			);
			runOnlyForDeploymentPostprocessing = 0;
		};
/* End PBXSourcesBuildPhase section */

/* Begin PBXTargetDependency section */
		4024EB19283944D20082E739 /* PBXTargetDependency */ = {
			isa = PBXTargetDependency;
			target = 400142E1282EBA8400E5D497 /* Chat */;
			targetProxy = 4024EB18283944D20082E739 /* PBXContainerItemProxy */;
		};
/* End PBXTargetDependency section */

/* Begin XCBuildConfiguration section */
		400142EE282EBA8500E5D497 /* Debug */ = {
			isa = XCBuildConfiguration;
			buildSettings = {
				ALWAYS_SEARCH_USER_PATHS = NO;
				CLANG_ANALYZER_NONNULL = YES;
				CLANG_ANALYZER_NUMBER_OBJECT_CONVERSION = YES_AGGRESSIVE;
				CLANG_CXX_LANGUAGE_STANDARD = "gnu++17";
				CLANG_CXX_LIBRARY = "libc++";
				CLANG_ENABLE_MODULES = YES;
				CLANG_ENABLE_OBJC_ARC = YES;
				CLANG_ENABLE_OBJC_WEAK = YES;
				CLANG_WARN_BLOCK_CAPTURE_AUTORELEASING = YES;
				CLANG_WARN_BOOL_CONVERSION = YES;
				CLANG_WARN_COMMA = YES;
				CLANG_WARN_CONSTANT_CONVERSION = YES;
				CLANG_WARN_DEPRECATED_OBJC_IMPLEMENTATIONS = YES;
				CLANG_WARN_DIRECT_OBJC_ISA_USAGE = YES_ERROR;
				CLANG_WARN_DOCUMENTATION_COMMENTS = YES;
				CLANG_WARN_EMPTY_BODY = YES;
				CLANG_WARN_ENUM_CONVERSION = YES;
				CLANG_WARN_INFINITE_RECURSION = YES;
				CLANG_WARN_INT_CONVERSION = YES;
				CLANG_WARN_NON_LITERAL_NULL_CONVERSION = YES;
				CLANG_WARN_OBJC_IMPLICIT_RETAIN_SELF = YES;
				CLANG_WARN_OBJC_LITERAL_CONVERSION = YES;
				CLANG_WARN_OBJC_ROOT_CLASS = YES_ERROR;
				CLANG_WARN_QUOTED_INCLUDE_IN_FRAMEWORK_HEADER = YES;
				CLANG_WARN_RANGE_LOOP_ANALYSIS = YES;
				CLANG_WARN_STRICT_PROTOTYPES = YES;
				CLANG_WARN_SUSPICIOUS_MOVE = YES;
				CLANG_WARN_UNGUARDED_AVAILABILITY = YES_AGGRESSIVE;
				CLANG_WARN_UNREACHABLE_CODE = YES;
				CLANG_WARN__DUPLICATE_METHOD_MATCH = YES;
				COPY_PHASE_STRIP = NO;
				DEBUG_INFORMATION_FORMAT = dwarf;
				ENABLE_STRICT_OBJC_MSGSEND = YES;
				ENABLE_TESTABILITY = YES;
				GCC_C_LANGUAGE_STANDARD = gnu11;
				GCC_DYNAMIC_NO_PIC = NO;
				GCC_NO_COMMON_BLOCKS = YES;
				GCC_OPTIMIZATION_LEVEL = 0;
				GCC_PREPROCESSOR_DEFINITIONS = (
					"DEBUG=1",
					"$(inherited)",
				);
				GCC_WARN_64_TO_32_BIT_CONVERSION = YES;
				GCC_WARN_ABOUT_RETURN_TYPE = YES_ERROR;
				GCC_WARN_UNDECLARED_SELECTOR = YES;
				GCC_WARN_UNINITIALIZED_AUTOS = YES_AGGRESSIVE;
				GCC_WARN_UNUSED_FUNCTION = YES;
				GCC_WARN_UNUSED_VARIABLE = YES;
				IPHONEOS_DEPLOYMENT_TARGET = 15.2;
				MTL_ENABLE_DEBUG_INFO = INCLUDE_SOURCE;
				MTL_FAST_MATH = YES;
				ONLY_ACTIVE_ARCH = YES;
				SDKROOT = iphoneos;
				SWIFT_ACTIVE_COMPILATION_CONDITIONS = DEBUG;
				SWIFT_OPTIMIZATION_LEVEL = "-Onone";
			};
			name = Debug;
		};
		400142EF282EBA8500E5D497 /* Release */ = {
			isa = XCBuildConfiguration;
			buildSettings = {
				ALWAYS_SEARCH_USER_PATHS = NO;
				CLANG_ANALYZER_NONNULL = YES;
				CLANG_ANALYZER_NUMBER_OBJECT_CONVERSION = YES_AGGRESSIVE;
				CLANG_CXX_LANGUAGE_STANDARD = "gnu++17";
				CLANG_CXX_LIBRARY = "libc++";
				CLANG_ENABLE_MODULES = YES;
				CLANG_ENABLE_OBJC_ARC = YES;
				CLANG_ENABLE_OBJC_WEAK = YES;
				CLANG_WARN_BLOCK_CAPTURE_AUTORELEASING = YES;
				CLANG_WARN_BOOL_CONVERSION = YES;
				CLANG_WARN_COMMA = YES;
				CLANG_WARN_CONSTANT_CONVERSION = YES;
				CLANG_WARN_DEPRECATED_OBJC_IMPLEMENTATIONS = YES;
				CLANG_WARN_DIRECT_OBJC_ISA_USAGE = YES_ERROR;
				CLANG_WARN_DOCUMENTATION_COMMENTS = YES;
				CLANG_WARN_EMPTY_BODY = YES;
				CLANG_WARN_ENUM_CONVERSION = YES;
				CLANG_WARN_INFINITE_RECURSION = YES;
				CLANG_WARN_INT_CONVERSION = YES;
				CLANG_WARN_NON_LITERAL_NULL_CONVERSION = YES;
				CLANG_WARN_OBJC_IMPLICIT_RETAIN_SELF = YES;
				CLANG_WARN_OBJC_LITERAL_CONVERSION = YES;
				CLANG_WARN_OBJC_ROOT_CLASS = YES_ERROR;
				CLANG_WARN_QUOTED_INCLUDE_IN_FRAMEWORK_HEADER = YES;
				CLANG_WARN_RANGE_LOOP_ANALYSIS = YES;
				CLANG_WARN_STRICT_PROTOTYPES = YES;
				CLANG_WARN_SUSPICIOUS_MOVE = YES;
				CLANG_WARN_UNGUARDED_AVAILABILITY = YES_AGGRESSIVE;
				CLANG_WARN_UNREACHABLE_CODE = YES;
				CLANG_WARN__DUPLICATE_METHOD_MATCH = YES;
				COPY_PHASE_STRIP = NO;
				DEBUG_INFORMATION_FORMAT = "dwarf-with-dsym";
				ENABLE_NS_ASSERTIONS = NO;
				ENABLE_STRICT_OBJC_MSGSEND = YES;
				GCC_C_LANGUAGE_STANDARD = gnu11;
				GCC_NO_COMMON_BLOCKS = YES;
				GCC_WARN_64_TO_32_BIT_CONVERSION = YES;
				GCC_WARN_ABOUT_RETURN_TYPE = YES_ERROR;
				GCC_WARN_UNDECLARED_SELECTOR = YES;
				GCC_WARN_UNINITIALIZED_AUTOS = YES_AGGRESSIVE;
				GCC_WARN_UNUSED_FUNCTION = YES;
				GCC_WARN_UNUSED_VARIABLE = YES;
				IPHONEOS_DEPLOYMENT_TARGET = 15.2;
				MTL_ENABLE_DEBUG_INFO = NO;
				MTL_FAST_MATH = YES;
				SDKROOT = iphoneos;
				SWIFT_COMPILATION_MODE = wholemodule;
				SWIFT_OPTIMIZATION_LEVEL = "-O";
				VALIDATE_PRODUCT = YES;
			};
			name = Release;
		};
		400142F1282EBA8500E5D497 /* Debug */ = {
			isa = XCBuildConfiguration;
			baseConfigurationReference = C26B5DF84EDC9F14036E988A /* Pods-Chat.debug.xcconfig */;
			buildSettings = {
				ASSETCATALOG_COMPILER_APPICON_NAME = AppIcon;
				ASSETCATALOG_COMPILER_GLOBAL_ACCENT_COLOR_NAME = AccentColor;
				CODE_SIGN_ENTITLEMENTS = Chat/Chat.entitlements;
				CODE_SIGN_STYLE = Automatic;
				CURRENT_PROJECT_VERSION = 1;
				DEVELOPMENT_ASSET_PATHS = "\"Chat/Preview Content\"";
				DEVELOPMENT_TEAM = H6466NBM9Y;
				ENABLE_PREVIEWS = YES;
				GENERATE_INFOPLIST_FILE = YES;
				INFOPLIST_FILE = Chat/Info.plist;
				INFOPLIST_KEY_UIApplicationSceneManifest_Generation = YES;
				INFOPLIST_KEY_UIApplicationSupportsIndirectInputEvents = YES;
				INFOPLIST_KEY_UILaunchScreen_Generation = YES;
				INFOPLIST_KEY_UISupportedInterfaceOrientations_iPad = "UIInterfaceOrientationPortrait UIInterfaceOrientationPortraitUpsideDown UIInterfaceOrientationLandscapeLeft UIInterfaceOrientationLandscapeRight";
				INFOPLIST_KEY_UISupportedInterfaceOrientations_iPhone = "UIInterfaceOrientationPortrait UIInterfaceOrientationLandscapeLeft UIInterfaceOrientationLandscapeRight";
				LD_RUNPATH_SEARCH_PATHS = (
					"$(inherited)",
					"@executable_path/Frameworks",
				);
				MARKETING_VERSION = 1.0;
				PRODUCT_BUNDLE_IDENTIFIER = Idk.Chat;
				PRODUCT_NAME = "$(TARGET_NAME)";
				SUPPORTS_MACCATALYST = NO;
				SWIFT_EMIT_LOC_STRINGS = YES;
				SWIFT_VERSION = 5.0;
				TARGETED_DEVICE_FAMILY = "1,2";
			};
			name = Debug;
		};
		400142F2282EBA8500E5D497 /* Release */ = {
			isa = XCBuildConfiguration;
			baseConfigurationReference = 06ABDC3974206FEF677CB546 /* Pods-Chat.release.xcconfig */;
			buildSettings = {
				ASSETCATALOG_COMPILER_APPICON_NAME = AppIcon;
				ASSETCATALOG_COMPILER_GLOBAL_ACCENT_COLOR_NAME = AccentColor;
				CODE_SIGN_ENTITLEMENTS = Chat/Chat.entitlements;
				CODE_SIGN_STYLE = Automatic;
				CURRENT_PROJECT_VERSION = 1;
				DEVELOPMENT_ASSET_PATHS = "\"Chat/Preview Content\"";
				DEVELOPMENT_TEAM = H6466NBM9Y;
				ENABLE_PREVIEWS = YES;
				GENERATE_INFOPLIST_FILE = YES;
				INFOPLIST_FILE = Chat/Info.plist;
				INFOPLIST_KEY_UIApplicationSceneManifest_Generation = YES;
				INFOPLIST_KEY_UIApplicationSupportsIndirectInputEvents = YES;
				INFOPLIST_KEY_UILaunchScreen_Generation = YES;
				INFOPLIST_KEY_UISupportedInterfaceOrientations_iPad = "UIInterfaceOrientationPortrait UIInterfaceOrientationPortraitUpsideDown UIInterfaceOrientationLandscapeLeft UIInterfaceOrientationLandscapeRight";
				INFOPLIST_KEY_UISupportedInterfaceOrientations_iPhone = "UIInterfaceOrientationPortrait UIInterfaceOrientationLandscapeLeft UIInterfaceOrientationLandscapeRight";
				LD_RUNPATH_SEARCH_PATHS = (
					"$(inherited)",
					"@executable_path/Frameworks",
				);
				MARKETING_VERSION = 1.0;
				PRODUCT_BUNDLE_IDENTIFIER = Idk.Chat;
				PRODUCT_NAME = "$(TARGET_NAME)";
				SUPPORTS_MACCATALYST = NO;
				SWIFT_EMIT_LOC_STRINGS = YES;
				SWIFT_VERSION = 5.0;
				TARGETED_DEVICE_FAMILY = "1,2";
			};
			name = Release;
		};
		4024EB1B283944D20082E739 /* Debug */ = {
			isa = XCBuildConfiguration;
			buildSettings = {
				BUNDLE_LOADER = "$(TEST_HOST)";
				CODE_SIGN_STYLE = Automatic;
				CURRENT_PROJECT_VERSION = 1;
				DEVELOPMENT_TEAM = H6466NBM9Y;
				GENERATE_INFOPLIST_FILE = YES;
				IPHONEOS_DEPLOYMENT_TARGET = 15.5;
				MARKETING_VERSION = 1.0;
				PRODUCT_BUNDLE_IDENTIFIER = Idk.ChatTests;
				PRODUCT_NAME = "$(TARGET_NAME)";
				SWIFT_EMIT_LOC_STRINGS = NO;
				SWIFT_VERSION = 5.0;
				TARGETED_DEVICE_FAMILY = "1,2";
				TEST_HOST = "$(BUILT_PRODUCTS_DIR)/Chat.app/Chat";
			};
			name = Debug;
		};
		4024EB1C283944D20082E739 /* Release */ = {
			isa = XCBuildConfiguration;
			buildSettings = {
				BUNDLE_LOADER = "$(TEST_HOST)";
				CODE_SIGN_STYLE = Automatic;
				CURRENT_PROJECT_VERSION = 1;
				DEVELOPMENT_TEAM = H6466NBM9Y;
				GENERATE_INFOPLIST_FILE = YES;
				IPHONEOS_DEPLOYMENT_TARGET = 15.5;
				MARKETING_VERSION = 1.0;
				PRODUCT_BUNDLE_IDENTIFIER = Idk.ChatTests;
				PRODUCT_NAME = "$(TARGET_NAME)";
				SWIFT_EMIT_LOC_STRINGS = NO;
				SWIFT_VERSION = 5.0;
				TARGETED_DEVICE_FAMILY = "1,2";
				TEST_HOST = "$(BUILT_PRODUCTS_DIR)/Chat.app/Chat";
			};
			name = Release;
		};
/* End XCBuildConfiguration section */

/* Begin XCConfigurationList section */
		400142DD282EBA8400E5D497 /* Build configuration list for PBXProject "Chat" */ = {
			isa = XCConfigurationList;
			buildConfigurations = (
				400142EE282EBA8500E5D497 /* Debug */,
				400142EF282EBA8500E5D497 /* Release */,
			);
			defaultConfigurationIsVisible = 0;
			defaultConfigurationName = Release;
		};
		400142F0282EBA8500E5D497 /* Build configuration list for PBXNativeTarget "Chat" */ = {
			isa = XCConfigurationList;
			buildConfigurations = (
				400142F1282EBA8500E5D497 /* Debug */,
				400142F2282EBA8500E5D497 /* Release */,
			);
			defaultConfigurationIsVisible = 0;
			defaultConfigurationName = Release;
		};
		4024EB1A283944D20082E739 /* Build configuration list for PBXNativeTarget "ChatTests" */ = {
			isa = XCConfigurationList;
			buildConfigurations = (
				4024EB1B283944D20082E739 /* Debug */,
				4024EB1C283944D20082E739 /* Release */,
			);
			defaultConfigurationIsVisible = 0;
			defaultConfigurationName = Release;
		};
/* End XCConfigurationList section */

/* Begin XCRemoteSwiftPackageReference section */
		4076E0A9283FA46900E21131 /* XCRemoteSwiftPackageReference "firebase-ios-sdk" */ = {
			isa = XCRemoteSwiftPackageReference;
			repositoryURL = "https://github.com/firebase/firebase-ios-sdk.git";
			requirement = {
				branch = master;
				kind = branch;
			};
		};
		40C3A101283A94E500A9683A /* XCRemoteSwiftPackageReference "GoogleSignIn-iOS" */ = {
			isa = XCRemoteSwiftPackageReference;
			repositoryURL = "https://github.com/google/GoogleSignIn-iOS";
			requirement = {
				branch = main;
				kind = branch;
			};
		};
/* End XCRemoteSwiftPackageReference section */

/* Begin XCSwiftPackageProductDependency section */
		4076E0AA283FA46900E21131 /* FirebaseAuth */ = {
			isa = XCSwiftPackageProductDependency;
			package = 4076E0A9283FA46900E21131 /* XCRemoteSwiftPackageReference "firebase-ios-sdk" */;
			productName = FirebaseAuth;
		};
		40C3A102283A94E500A9683A /* GoogleSignIn */ = {
			isa = XCSwiftPackageProductDependency;
			package = 40C3A101283A94E500A9683A /* XCRemoteSwiftPackageReference "GoogleSignIn-iOS" */;
			productName = GoogleSignIn;
		};
/* End XCSwiftPackageProductDependency section */
	};
	rootObject = 400142DA282EBA8400E5D497 /* Project object */;
}
