// !$*UTF8*$!
{
	archiveVersion = 1;
	classes = {
	};
	objectVersion = 55;
	objects = {

/* Begin PBXBuildFile section */
		400142E6282EBA8400E5D497 /* ChatApp.swift in Sources */ = {isa = PBXBuildFile; fileRef = 400142E5282EBA8400E5D497 /* ChatApp.swift */; };
		400142E8282EBA8400E5D497 /* RootView.swift in Sources */ = {isa = PBXBuildFile; fileRef = 400142E7282EBA8400E5D497 /* RootView.swift */; };
		400142EA282EBA8500E5D497 /* Assets.xcassets in Resources */ = {isa = PBXBuildFile; fileRef = 400142E9282EBA8500E5D497 /* Assets.xcassets */; };
		400142ED282EBA8500E5D497 /* Preview Assets.xcassets in Resources */ = {isa = PBXBuildFile; fileRef = 400142EC282EBA8500E5D497 /* Preview Assets.xcassets */; };
		4001F19D2848950600D17CCA /* User.swift in Sources */ = {isa = PBXBuildFile; fileRef = 4001F19C2848950600D17CCA /* User.swift */; };
		400E81A82868583A006A606E /* Channel.swift in Sources */ = {isa = PBXBuildFile; fileRef = 400E81A72868583A006A606E /* Channel.swift */; };
		400E81AA286859AD006A606E /* ChannelViewModel.swift in Sources */ = {isa = PBXBuildFile; fileRef = 400E81A9286859AD006A606E /* ChannelViewModel.swift */; };
		400E81AD286861EE006A606E /* CreateChannelView.swift in Sources */ = {isa = PBXBuildFile; fileRef = 400E81AC286861EE006A606E /* CreateChannelView.swift */; };
		40153F24286B18F70022DA46 /* ChannelListRow.swift in Sources */ = {isa = PBXBuildFile; fileRef = 40153F23286B18F70022DA46 /* ChannelListRow.swift */; };
		40153F26286B2D250022DA46 /* ImageViewModel.swift in Sources */ = {isa = PBXBuildFile; fileRef = 40153F25286B2D250022DA46 /* ImageViewModel.swift */; };
		40153F28286B32460022DA46 /* ChannelConversationView.swift in Sources */ = {isa = PBXBuildFile; fileRef = 40153F27286B32460022DA46 /* ChannelConversationView.swift */; };
		40153F2A286B32BC0022DA46 /* ChannelMessagingViewModel.swift in Sources */ = {isa = PBXBuildFile; fileRef = 40153F29286B32BC0022DA46 /* ChannelMessagingViewModel.swift */; };
		40153F2C286B35A20022DA46 /* ChannelMessageField.swift in Sources */ = {isa = PBXBuildFile; fileRef = 40153F2B286B35A20022DA46 /* ChannelMessageField.swift */; };
		40153F2E286B370B0022DA46 /* ChannelTitleRow.swift in Sources */ = {isa = PBXBuildFile; fileRef = 40153F2D286B370B0022DA46 /* ChannelTitleRow.swift */; };
		401B7D2C287C5508004A467F /* RollingText.swift in Sources */ = {isa = PBXBuildFile; fileRef = 401B7D2B287C5508004A467F /* RollingText.swift */; };
		401E917429012B1C0051D52A /* FirebaseAuth in Frameworks */ = {isa = PBXBuildFile; productRef = 401E917329012B1C0051D52A /* FirebaseAuth */; };
		401E917629012B1C0051D52A /* FirebaseDatabase in Frameworks */ = {isa = PBXBuildFile; productRef = 401E917529012B1C0051D52A /* FirebaseDatabase */; };
		401E917829012B1C0051D52A /* FirebaseDatabaseSwift in Frameworks */ = {isa = PBXBuildFile; productRef = 401E917729012B1C0051D52A /* FirebaseDatabaseSwift */; };
		401E917A29012B1C0051D52A /* FirebaseFirestore in Frameworks */ = {isa = PBXBuildFile; productRef = 401E917929012B1C0051D52A /* FirebaseFirestore */; };
		401E917C29012B1C0051D52A /* FirebaseFirestoreSwift in Frameworks */ = {isa = PBXBuildFile; productRef = 401E917B29012B1C0051D52A /* FirebaseFirestoreSwift */; };
		401E917E29012B1C0051D52A /* FirebaseStorage in Frameworks */ = {isa = PBXBuildFile; productRef = 401E917D29012B1C0051D52A /* FirebaseStorage */; };
		401E918029012B400051D52A /* PresenceViewModel.swift in Sources */ = {isa = PBXBuildFile; fileRef = 401E917F29012B400051D52A /* PresenceViewModel.swift */; };
		4021DD09288AA7CA0060B18E /* EditChannelView.swift in Sources */ = {isa = PBXBuildFile; fileRef = 4021DD08288AA7CA0060B18E /* EditChannelView.swift */; };
		4021DD0C288AAFDA0060B18E /* String + Extension.swift in Sources */ = {isa = PBXBuildFile; fileRef = 4021DD0B288AAFDA0060B18E /* String + Extension.swift */; };
		4024EB01283802130082E739 /* CustomAlert.swift in Sources */ = {isa = PBXBuildFile; fileRef = 4024EB00283802130082E739 /* CustomAlert.swift */; };
		4024EB0328382AE80082E739 /* SideMenuView.swift in Sources */ = {isa = PBXBuildFile; fileRef = 4024EB0228382AE80082E739 /* SideMenuView.swift */; };
		4024EB0728382B030082E739 /* SideMenuHeaderView.swift in Sources */ = {isa = PBXBuildFile; fileRef = 4024EB0628382B030082E739 /* SideMenuHeaderView.swift */; };
		4024EB0928382B190082E739 /* SideMenuOptionView.swift in Sources */ = {isa = PBXBuildFile; fileRef = 4024EB0828382B190082E739 /* SideMenuOptionView.swift */; };
		4024EB0B28382D960082E739 /* SideMenuViewModel.swift in Sources */ = {isa = PBXBuildFile; fileRef = 4024EB0A28382D960082E739 /* SideMenuViewModel.swift */; };
		4024EB0F28393CF40082E739 /* TabBarView.swift in Sources */ = {isa = PBXBuildFile; fileRef = 4024EB0E28393CF40082E739 /* TabBarView.swift */; };
		402E4B61296F1779001ADD65 /* PreferenceKeys.swift in Sources */ = {isa = PBXBuildFile; fileRef = 402E4B60296F1779001ADD65 /* PreferenceKeys.swift */; };
		4039A6672854BDAA00C74377 /* EditProfileViewModel.swift in Sources */ = {isa = PBXBuildFile; fileRef = 4039A6662854BDAA00C74377 /* EditProfileViewModel.swift */; };
		403ED1542954802500F4954D /* CoupleImagesView.swift in Sources */ = {isa = PBXBuildFile; fileRef = 403ED1532954802500F4954D /* CoupleImagesView.swift */; };
		404303A529535D64008C8452 /* ImagePickerViewModel.swift in Sources */ = {isa = PBXBuildFile; fileRef = 404303A429535D64008C8452 /* ImagePickerViewModel.swift */; };
		404303A729535DCD008C8452 /* ImageAsset.swift in Sources */ = {isa = PBXBuildFile; fileRef = 404303A629535DCD008C8452 /* ImageAsset.swift */; };
		404303A929535F54008C8452 /* CustomImagePicker.swift in Sources */ = {isa = PBXBuildFile; fileRef = 404303A829535F54008C8452 /* CustomImagePicker.swift */; };
		40442EAF289575F800E32FEF /* HeaderWithBackButton.swift in Sources */ = {isa = PBXBuildFile; fileRef = 40442EAE289575F800E32FEF /* HeaderWithBackButton.swift */; };
		404B283D28C72FAF0096C8F0 /* StorageReferencesManager.swift in Sources */ = {isa = PBXBuildFile; fileRef = 404B283C28C72FAF0096C8F0 /* StorageReferencesManager.swift */; };
		404B877A292F66BB00005C42 /* Thread  + Extension.swift in Sources */ = {isa = PBXBuildFile; fileRef = 404B8779292F66BB00005C42 /* Thread  + Extension.swift */; };
		4056D63B2833D8E8000A0872 /* SignUpView.swift in Sources */ = {isa = PBXBuildFile; fileRef = 4056D63A2833D8E8000A0872 /* SignUpView.swift */; };
		4056D63D2833DD17000A0872 /* UserViewModel.swift in Sources */ = {isa = PBXBuildFile; fileRef = 4056D63C2833DD17000A0872 /* UserViewModel.swift */; };
		4056D6412834024B000A0872 /* ChatListRow.swift in Sources */ = {isa = PBXBuildFile; fileRef = 4056D6402834024B000A0872 /* ChatListRow.swift */; };
		4056DA2B28A7ECD100246AC4 /* ResizeableTextView.swift in Sources */ = {isa = PBXBuildFile; fileRef = 4056DA2A28A7ECD100246AC4 /* ResizeableTextView.swift */; };
		405FD37F282FEFD200361396 /* SignInView.swift in Sources */ = {isa = PBXBuildFile; fileRef = 405FD37E282FEFD200361396 /* SignInView.swift */; };
		405FDEEC29B10DA700A566C3 /* AlertType.swift in Sources */ = {isa = PBXBuildFile; fileRef = 405FDEEB29B10DA700A566C3 /* AlertType.swift */; };
		40649D19288F2C5F00B8F500 /* ChannelType.swift in Sources */ = {isa = PBXBuildFile; fileRef = 40649D18288F2C5F00B8F500 /* ChannelType.swift */; };
		406CBA80290D173700FA5FCC /* ChannelMessageBubble.swift in Sources */ = {isa = PBXBuildFile; fileRef = 406CBA7F290D173700FA5FCC /* ChannelMessageBubble.swift */; };
		406DC3A2284C8B5E00A41964 /* SearchUserListRow.swift in Sources */ = {isa = PBXBuildFile; fileRef = 406DC3A1284C8B5E00A41964 /* SearchUserListRow.swift */; };
		406DC3A5284C8F6500A41964 /* Chat.swift in Sources */ = {isa = PBXBuildFile; fileRef = 406DC3A4284C8F6500A41964 /* Chat.swift */; };
		4076E0AD283FB54A00E21131 /* LoaderView.swift in Sources */ = {isa = PBXBuildFile; fileRef = 4076E0AC283FB54A00E21131 /* LoaderView.swift */; };
		40871EA72955A1A30011D6FB /* ImageDetailedView.swift in Sources */ = {isa = PBXBuildFile; fileRef = 40871EA62955A1A30011D6FB /* ImageDetailedView.swift */; };
		40871EAB2955A2BC0011D6FB /* ControlImageView.swift in Sources */ = {isa = PBXBuildFile; fileRef = 40871EAA2955A2BC0011D6FB /* ControlImageView.swift */; };
		4089D6792888025B00FC987E /* ChatUITests.swift in Sources */ = {isa = PBXBuildFile; fileRef = 4089D6782888025B00FC987E /* ChatUITests.swift */; };
		4089D67B2888025B00FC987E /* ChatUITestsLaunchTests.swift in Sources */ = {isa = PBXBuildFile; fileRef = 4089D67A2888025B00FC987E /* ChatUITestsLaunchTests.swift */; };
		408B0B5429A8FE5B00AAE470 /* LinearInterpolation.swift in Sources */ = {isa = PBXBuildFile; fileRef = 408B0B5329A8FE5B00AAE470 /* LinearInterpolation.swift */; };
		408E26122832C44800CE108E /* MainView.swift in Sources */ = {isa = PBXBuildFile; fileRef = 408E26112832C44800CE108E /* MainView.swift */; };
		409146B2299A9B0200455F20 /* CoupleChatsImagesInRow.swift in Sources */ = {isa = PBXBuildFile; fileRef = 409146B1299A9B0200455F20 /* CoupleChatsImagesInRow.swift */; };
		409146B6299A9F7700455F20 /* CoupleChannelsImagesInRow.swift in Sources */ = {isa = PBXBuildFile; fileRef = 409146B5299A9F7700455F20 /* CoupleChannelsImagesInRow.swift */; };
		409894CC289D937C00720A1E /* AnimatedEmoji.swift in Sources */ = {isa = PBXBuildFile; fileRef = 409894CB289D937C00720A1E /* AnimatedEmoji.swift */; };
		409894CE289D978000720A1E /* EmojiView.swift in Sources */ = {isa = PBXBuildFile; fileRef = 409894CD289D978000720A1E /* EmojiView.swift */; };
		4099D9AD28B7C70500DCE75F /* UIApplication + Extension.swift in Sources */ = {isa = PBXBuildFile; fileRef = 4099D9AC28B7C70500DCE75F /* UIApplication + Extension.swift */; };
		409AC7642849E9A300BD00F9 /* SearchView.swift in Sources */ = {isa = PBXBuildFile; fileRef = 409AC7632849E9A300BD00F9 /* SearchView.swift */; };
		409E2B6E2934AA9C002FE204 /* FirestorePathManager.swift in Sources */ = {isa = PBXBuildFile; fileRef = 409E2B6D2934AA9C002FE204 /* FirestorePathManager.swift */; };
		409F252F2882B574005D0E6A /* addUserToChannelView.swift in Sources */ = {isa = PBXBuildFile; fileRef = 409F252E2882B574005D0E6A /* addUserToChannelView.swift */; };
		40A1A5F72855BF5700D30A7B /* SDWebImageSwiftUI in Frameworks */ = {isa = PBXBuildFile; productRef = 40A1A5F62855BF5700D30A7B /* SDWebImageSwiftUI */; };
		40A701622896CF74002ECB1C /* EmptyImageWithCharacterView.swift in Sources */ = {isa = PBXBuildFile; fileRef = 40A701612896CF74002ECB1C /* EmptyImageWithCharacterView.swift */; };
		40A766B628842C19002D6FA5 /* removeUsersFromChannelView.swift in Sources */ = {isa = PBXBuildFile; fileRef = 40A766B528842C19002D6FA5 /* removeUsersFromChannelView.swift */; };
		40A766B828843045002D6FA5 /* removeUsersFromChannelListRow.swift in Sources */ = {isa = PBXBuildFile; fileRef = 40A766B728843045002D6FA5 /* removeUsersFromChannelListRow.swift */; };
		40A78B3C288D9E9B0026C465 /* Text + Extension.swift in Sources */ = {isa = PBXBuildFile; fileRef = 40A78B3B288D9E9B0026C465 /* Text + Extension.swift */; };
		40B0A48C2869BC290008374E /* AddUserCreateChannelRow.swift in Sources */ = {isa = PBXBuildFile; fileRef = 40B0A48B2869BC290008374E /* AddUserCreateChannelRow.swift */; };
		40BD4FB9290BF517005B117B /* Array + Extension.swift in Sources */ = {isa = PBXBuildFile; fileRef = 40BD4FB8290BF517005B117B /* Array + Extension.swift */; };
		40C27278292D0608008924A5 /* Optional + Extension.swift in Sources */ = {isa = PBXBuildFile; fileRef = 40C27277292D0608008924A5 /* Optional + Extension.swift */; };
		40C3A103283A94E500A9683A /* GoogleSignIn in Frameworks */ = {isa = PBXBuildFile; productRef = 40C3A102283A94E500A9683A /* GoogleSignIn */; };
		40C4F29428C5DCE9008D03C8 /* Blur.swift in Sources */ = {isa = PBXBuildFile; fileRef = 40C4F29328C5DCE9008D03C8 /* Blur.swift */; };
		40C64B93285D29830057F7CA /* MessagingViewModel.swift in Sources */ = {isa = PBXBuildFile; fileRef = 40C64B92285D29830057F7CA /* MessagingViewModel.swift */; };
		40C6692028894D270087A9DF /* EditChannelViewModel.swift in Sources */ = {isa = PBXBuildFile; fileRef = 40C6691F28894D270087A9DF /* EditChannelViewModel.swift */; };
		40CFF1E028C4EDC7001544CD /* Color + Extension.swift in Sources */ = {isa = PBXBuildFile; fileRef = 40CFF1DF28C4EDC7001544CD /* Color + Extension.swift */; };
		40D5C41628428B3A0015DFBB /* Tab.swift in Sources */ = {isa = PBXBuildFile; fileRef = 40D5C41528428B3A0015DFBB /* Tab.swift */; };
		40E2546B2905356400FA604E /* Launch Screen.storyboard in Resources */ = {isa = PBXBuildFile; fileRef = 40E2546A2905356400FA604E /* Launch Screen.storyboard */; };
		40EBA82C29AB85EB00EC796D /* GoogleService-Info.plist in Resources */ = {isa = PBXBuildFile; fileRef = 40EBA82B29AB85EB00EC796D /* GoogleService-Info.plist */; };
		40EDFC25286EF5B500FD7A2A /* DocumentReference + Extension.swift in Sources */ = {isa = PBXBuildFile; fileRef = 40EDFC24286EF5B500FD7A2A /* DocumentReference + Extension.swift */; };
		40EDFC27286EF5E400FD7A2A /* Query + Extension.swift in Sources */ = {isa = PBXBuildFile; fileRef = 40EDFC26286EF5E400FD7A2A /* Query + Extension.swift */; };
		40EEDDDE2864682D00B1F38C /* ChattingViewModel.swift in Sources */ = {isa = PBXBuildFile; fileRef = 40EEDDDD2864682D00B1F38C /* ChattingViewModel.swift */; };
		40EF995E284746BB0062612E /* ConversationTitleRow.swift in Sources */ = {isa = PBXBuildFile; fileRef = 40EF995D284746BB0062612E /* ConversationTitleRow.swift */; };
		40EF9960284747740062612E /* ConversationView.swift in Sources */ = {isa = PBXBuildFile; fileRef = 40EF995F284747740062612E /* ConversationView.swift */; };
		40EF9962284747810062612E /* Message.swift in Sources */ = {isa = PBXBuildFile; fileRef = 40EF9961284747810062612E /* Message.swift */; };
		40EF9964284748250062612E /* MessageBubble.swift in Sources */ = {isa = PBXBuildFile; fileRef = 40EF9963284748250062612E /* MessageBubble.swift */; };
		40EF996628474AA60062612E /* View + Extenston.swift in Sources */ = {isa = PBXBuildFile; fileRef = 40EF996528474AA60062612E /* View + Extenston.swift */; };
		40EF996828474B6F0062612E /* MessageField.swift in Sources */ = {isa = PBXBuildFile; fileRef = 40EF996728474B6F0062612E /* MessageField.swift */; };
		40FA6F6228576D01001AAC09 /* EditProfileView.swift in Sources */ = {isa = PBXBuildFile; fileRef = 40FA6F6128576D01001AAC09 /* EditProfileView.swift */; };
		40FBC21329B2061B00E04ACC /* Haptics.swift in Sources */ = {isa = PBXBuildFile; fileRef = 40FBC21229B2061B00E04ACC /* Haptics.swift */; };
/* End PBXBuildFile section */

/* Begin PBXContainerItemProxy section */
		4089D67C2888025B00FC987E /* PBXContainerItemProxy */ = {
			isa = PBXContainerItemProxy;
			containerPortal = 400142DA282EBA8400E5D497 /* Project object */;
			proxyType = 1;
			remoteGlobalIDString = 400142E1282EBA8400E5D497;
			remoteInfo = Chat;
		};
/* End PBXContainerItemProxy section */

/* Begin PBXFileReference section */
		400142E2282EBA8400E5D497 /* Chat.app */ = {isa = PBXFileReference; explicitFileType = wrapper.application; includeInIndex = 0; path = Chat.app; sourceTree = BUILT_PRODUCTS_DIR; };
		400142E5282EBA8400E5D497 /* ChatApp.swift */ = {isa = PBXFileReference; lastKnownFileType = sourcecode.swift; path = ChatApp.swift; sourceTree = "<group>"; };
		400142E7282EBA8400E5D497 /* RootView.swift */ = {isa = PBXFileReference; lastKnownFileType = sourcecode.swift; path = RootView.swift; sourceTree = "<group>"; };
		400142E9282EBA8500E5D497 /* Assets.xcassets */ = {isa = PBXFileReference; lastKnownFileType = folder.assetcatalog; name = Assets.xcassets; path = Chat/Assets.xcassets; sourceTree = SOURCE_ROOT; };
		400142EC282EBA8500E5D497 /* Preview Assets.xcassets */ = {isa = PBXFileReference; lastKnownFileType = folder.assetcatalog; path = "Preview Assets.xcassets"; sourceTree = "<group>"; };
		4001F19C2848950600D17CCA /* User.swift */ = {isa = PBXFileReference; lastKnownFileType = sourcecode.swift; path = User.swift; sourceTree = "<group>"; };
		400E81A72868583A006A606E /* Channel.swift */ = {isa = PBXFileReference; lastKnownFileType = sourcecode.swift; path = Channel.swift; sourceTree = "<group>"; };
		400E81A9286859AD006A606E /* ChannelViewModel.swift */ = {isa = PBXFileReference; lastKnownFileType = sourcecode.swift; path = ChannelViewModel.swift; sourceTree = "<group>"; };
		400E81AC286861EE006A606E /* CreateChannelView.swift */ = {isa = PBXFileReference; lastKnownFileType = sourcecode.swift; path = CreateChannelView.swift; sourceTree = "<group>"; };
		40153F23286B18F70022DA46 /* ChannelListRow.swift */ = {isa = PBXFileReference; lastKnownFileType = sourcecode.swift; path = ChannelListRow.swift; sourceTree = "<group>"; };
		40153F25286B2D250022DA46 /* ImageViewModel.swift */ = {isa = PBXFileReference; lastKnownFileType = sourcecode.swift; path = ImageViewModel.swift; sourceTree = "<group>"; };
		40153F27286B32460022DA46 /* ChannelConversationView.swift */ = {isa = PBXFileReference; lastKnownFileType = sourcecode.swift; path = ChannelConversationView.swift; sourceTree = "<group>"; };
		40153F29286B32BC0022DA46 /* ChannelMessagingViewModel.swift */ = {isa = PBXFileReference; lastKnownFileType = sourcecode.swift; path = ChannelMessagingViewModel.swift; sourceTree = "<group>"; };
		40153F2B286B35A20022DA46 /* ChannelMessageField.swift */ = {isa = PBXFileReference; lastKnownFileType = sourcecode.swift; path = ChannelMessageField.swift; sourceTree = "<group>"; };
		40153F2D286B370B0022DA46 /* ChannelTitleRow.swift */ = {isa = PBXFileReference; lastKnownFileType = sourcecode.swift; path = ChannelTitleRow.swift; sourceTree = "<group>"; };
		401B7D2B287C5508004A467F /* RollingText.swift */ = {isa = PBXFileReference; lastKnownFileType = sourcecode.swift; path = RollingText.swift; sourceTree = "<group>"; };
		401E917F29012B400051D52A /* PresenceViewModel.swift */ = {isa = PBXFileReference; lastKnownFileType = sourcecode.swift; path = PresenceViewModel.swift; sourceTree = "<group>"; };
		4021DD08288AA7CA0060B18E /* EditChannelView.swift */ = {isa = PBXFileReference; lastKnownFileType = sourcecode.swift; path = EditChannelView.swift; sourceTree = "<group>"; };
		4021DD0B288AAFDA0060B18E /* String + Extension.swift */ = {isa = PBXFileReference; lastKnownFileType = sourcecode.swift; path = "String + Extension.swift"; sourceTree = "<group>"; };
		4024EB00283802130082E739 /* CustomAlert.swift */ = {isa = PBXFileReference; lastKnownFileType = sourcecode.swift; path = CustomAlert.swift; sourceTree = "<group>"; };
		4024EB0228382AE80082E739 /* SideMenuView.swift */ = {isa = PBXFileReference; lastKnownFileType = sourcecode.swift; path = SideMenuView.swift; sourceTree = "<group>"; };
		4024EB0628382B030082E739 /* SideMenuHeaderView.swift */ = {isa = PBXFileReference; lastKnownFileType = sourcecode.swift; path = SideMenuHeaderView.swift; sourceTree = "<group>"; };
		4024EB0828382B190082E739 /* SideMenuOptionView.swift */ = {isa = PBXFileReference; lastKnownFileType = sourcecode.swift; path = SideMenuOptionView.swift; sourceTree = "<group>"; };
		4024EB0A28382D960082E739 /* SideMenuViewModel.swift */ = {isa = PBXFileReference; lastKnownFileType = sourcecode.swift; path = SideMenuViewModel.swift; sourceTree = "<group>"; };
		4024EB0E28393CF40082E739 /* TabBarView.swift */ = {isa = PBXFileReference; lastKnownFileType = sourcecode.swift; path = TabBarView.swift; sourceTree = "<group>"; };
		402E4B60296F1779001ADD65 /* PreferenceKeys.swift */ = {isa = PBXFileReference; lastKnownFileType = sourcecode.swift; path = PreferenceKeys.swift; sourceTree = "<group>"; };
		4039A6662854BDAA00C74377 /* EditProfileViewModel.swift */ = {isa = PBXFileReference; lastKnownFileType = sourcecode.swift; path = EditProfileViewModel.swift; sourceTree = "<group>"; };
		403ED1532954802500F4954D /* CoupleImagesView.swift */ = {isa = PBXFileReference; lastKnownFileType = sourcecode.swift; path = CoupleImagesView.swift; sourceTree = "<group>"; };
		404303A429535D64008C8452 /* ImagePickerViewModel.swift */ = {isa = PBXFileReference; lastKnownFileType = sourcecode.swift; path = ImagePickerViewModel.swift; sourceTree = "<group>"; };
		404303A629535DCD008C8452 /* ImageAsset.swift */ = {isa = PBXFileReference; lastKnownFileType = sourcecode.swift; path = ImageAsset.swift; sourceTree = "<group>"; };
		404303A829535F54008C8452 /* CustomImagePicker.swift */ = {isa = PBXFileReference; lastKnownFileType = sourcecode.swift; path = CustomImagePicker.swift; sourceTree = "<group>"; };
		40442EAE289575F800E32FEF /* HeaderWithBackButton.swift */ = {isa = PBXFileReference; lastKnownFileType = sourcecode.swift; path = HeaderWithBackButton.swift; sourceTree = "<group>"; };
		404B283C28C72FAF0096C8F0 /* StorageReferencesManager.swift */ = {isa = PBXFileReference; lastKnownFileType = sourcecode.swift; path = StorageReferencesManager.swift; sourceTree = "<group>"; };
		404B8779292F66BB00005C42 /* Thread  + Extension.swift */ = {isa = PBXFileReference; lastKnownFileType = sourcecode.swift; path = "Thread  + Extension.swift"; sourceTree = "<group>"; };
		4056D63A2833D8E8000A0872 /* SignUpView.swift */ = {isa = PBXFileReference; lastKnownFileType = sourcecode.swift; path = SignUpView.swift; sourceTree = "<group>"; };
		4056D63C2833DD17000A0872 /* UserViewModel.swift */ = {isa = PBXFileReference; lastKnownFileType = sourcecode.swift; path = UserViewModel.swift; sourceTree = "<group>"; };
		4056D6402834024B000A0872 /* ChatListRow.swift */ = {isa = PBXFileReference; lastKnownFileType = sourcecode.swift; path = ChatListRow.swift; sourceTree = "<group>"; };
		4056DA2A28A7ECD100246AC4 /* ResizeableTextView.swift */ = {isa = PBXFileReference; lastKnownFileType = sourcecode.swift; path = ResizeableTextView.swift; sourceTree = "<group>"; };
		405FD37E282FEFD200361396 /* SignInView.swift */ = {isa = PBXFileReference; lastKnownFileType = sourcecode.swift; path = SignInView.swift; sourceTree = "<group>"; };
		405FDEEB29B10DA700A566C3 /* AlertType.swift */ = {isa = PBXFileReference; lastKnownFileType = sourcecode.swift; path = AlertType.swift; sourceTree = "<group>"; };
		40649D18288F2C5F00B8F500 /* ChannelType.swift */ = {isa = PBXFileReference; lastKnownFileType = sourcecode.swift; path = ChannelType.swift; sourceTree = "<group>"; };
		406CBA7F290D173700FA5FCC /* ChannelMessageBubble.swift */ = {isa = PBXFileReference; lastKnownFileType = sourcecode.swift; path = ChannelMessageBubble.swift; sourceTree = "<group>"; };
		406DC3A1284C8B5E00A41964 /* SearchUserListRow.swift */ = {isa = PBXFileReference; lastKnownFileType = sourcecode.swift; path = SearchUserListRow.swift; sourceTree = "<group>"; };
		406DC3A4284C8F6500A41964 /* Chat.swift */ = {isa = PBXFileReference; lastKnownFileType = sourcecode.swift; path = Chat.swift; sourceTree = "<group>"; };
		4076E0AC283FB54A00E21131 /* LoaderView.swift */ = {isa = PBXFileReference; lastKnownFileType = sourcecode.swift; path = LoaderView.swift; sourceTree = "<group>"; };
		40871EA62955A1A30011D6FB /* ImageDetailedView.swift */ = {isa = PBXFileReference; lastKnownFileType = sourcecode.swift; path = ImageDetailedView.swift; sourceTree = "<group>"; };
		40871EAA2955A2BC0011D6FB /* ControlImageView.swift */ = {isa = PBXFileReference; fileEncoding = 4; lastKnownFileType = sourcecode.swift; path = ControlImageView.swift; sourceTree = "<group>"; };
		4089D6762888025B00FC987E /* ChatUITests.xctest */ = {isa = PBXFileReference; explicitFileType = wrapper.cfbundle; includeInIndex = 0; path = ChatUITests.xctest; sourceTree = BUILT_PRODUCTS_DIR; };
		4089D6782888025B00FC987E /* ChatUITests.swift */ = {isa = PBXFileReference; lastKnownFileType = sourcecode.swift; path = ChatUITests.swift; sourceTree = "<group>"; };
		4089D67A2888025B00FC987E /* ChatUITestsLaunchTests.swift */ = {isa = PBXFileReference; lastKnownFileType = sourcecode.swift; path = ChatUITestsLaunchTests.swift; sourceTree = "<group>"; };
		408B0B5329A8FE5B00AAE470 /* LinearInterpolation.swift */ = {isa = PBXFileReference; fileEncoding = 4; lastKnownFileType = sourcecode.swift; path = LinearInterpolation.swift; sourceTree = "<group>"; };
		408E26112832C44800CE108E /* MainView.swift */ = {isa = PBXFileReference; lastKnownFileType = sourcecode.swift; path = MainView.swift; sourceTree = "<group>"; };
		409146B1299A9B0200455F20 /* CoupleChatsImagesInRow.swift */ = {isa = PBXFileReference; lastKnownFileType = sourcecode.swift; path = CoupleChatsImagesInRow.swift; sourceTree = "<group>"; };
		409146B5299A9F7700455F20 /* CoupleChannelsImagesInRow.swift */ = {isa = PBXFileReference; lastKnownFileType = sourcecode.swift; path = CoupleChannelsImagesInRow.swift; sourceTree = "<group>"; };
		409894CB289D937C00720A1E /* AnimatedEmoji.swift */ = {isa = PBXFileReference; lastKnownFileType = sourcecode.swift; path = AnimatedEmoji.swift; sourceTree = "<group>"; };
		409894CD289D978000720A1E /* EmojiView.swift */ = {isa = PBXFileReference; lastKnownFileType = sourcecode.swift; path = EmojiView.swift; sourceTree = "<group>"; };
		4099D9AC28B7C70500DCE75F /* UIApplication + Extension.swift */ = {isa = PBXFileReference; lastKnownFileType = sourcecode.swift; path = "UIApplication + Extension.swift"; sourceTree = "<group>"; };
		409AC7632849E9A300BD00F9 /* SearchView.swift */ = {isa = PBXFileReference; lastKnownFileType = sourcecode.swift; path = SearchView.swift; sourceTree = "<group>"; };
		409E2B6D2934AA9C002FE204 /* FirestorePathManager.swift */ = {isa = PBXFileReference; lastKnownFileType = sourcecode.swift; path = FirestorePathManager.swift; sourceTree = "<group>"; };
		409F252E2882B574005D0E6A /* addUserToChannelView.swift */ = {isa = PBXFileReference; lastKnownFileType = sourcecode.swift; path = addUserToChannelView.swift; sourceTree = "<group>"; };
		40A701612896CF74002ECB1C /* EmptyImageWithCharacterView.swift */ = {isa = PBXFileReference; lastKnownFileType = sourcecode.swift; path = EmptyImageWithCharacterView.swift; sourceTree = "<group>"; };
		40A766B528842C19002D6FA5 /* removeUsersFromChannelView.swift */ = {isa = PBXFileReference; lastKnownFileType = sourcecode.swift; path = removeUsersFromChannelView.swift; sourceTree = "<group>"; };
		40A766B728843045002D6FA5 /* removeUsersFromChannelListRow.swift */ = {isa = PBXFileReference; lastKnownFileType = sourcecode.swift; path = removeUsersFromChannelListRow.swift; sourceTree = "<group>"; };
		40A78B3B288D9E9B0026C465 /* Text + Extension.swift */ = {isa = PBXFileReference; lastKnownFileType = sourcecode.swift; path = "Text + Extension.swift"; sourceTree = "<group>"; };
		40B0A48B2869BC290008374E /* AddUserCreateChannelRow.swift */ = {isa = PBXFileReference; lastKnownFileType = sourcecode.swift; path = AddUserCreateChannelRow.swift; sourceTree = "<group>"; };
		40B2DA18283A7A3900965DC5 /* Chat.entitlements */ = {isa = PBXFileReference; lastKnownFileType = text.plist.entitlements; path = Chat.entitlements; sourceTree = "<group>"; };
		40BD4FB8290BF517005B117B /* Array + Extension.swift */ = {isa = PBXFileReference; lastKnownFileType = sourcecode.swift; path = "Array + Extension.swift"; sourceTree = "<group>"; };
		40C27277292D0608008924A5 /* Optional + Extension.swift */ = {isa = PBXFileReference; lastKnownFileType = sourcecode.swift; path = "Optional + Extension.swift"; sourceTree = "<group>"; };
		40C3A104283A958A00A9683A /* Info.plist */ = {isa = PBXFileReference; lastKnownFileType = text.plist.xml; path = Info.plist; sourceTree = "<group>"; };
		40C4F29328C5DCE9008D03C8 /* Blur.swift */ = {isa = PBXFileReference; lastKnownFileType = sourcecode.swift; path = Blur.swift; sourceTree = "<group>"; };
		40C64B92285D29830057F7CA /* MessagingViewModel.swift */ = {isa = PBXFileReference; lastKnownFileType = sourcecode.swift; path = MessagingViewModel.swift; sourceTree = "<group>"; };
		40C6691F28894D270087A9DF /* EditChannelViewModel.swift */ = {isa = PBXFileReference; lastKnownFileType = sourcecode.swift; path = EditChannelViewModel.swift; sourceTree = "<group>"; };
		40CFF1DF28C4EDC7001544CD /* Color + Extension.swift */ = {isa = PBXFileReference; lastKnownFileType = sourcecode.swift; path = "Color + Extension.swift"; sourceTree = "<group>"; };
		40D5C41528428B3A0015DFBB /* Tab.swift */ = {isa = PBXFileReference; lastKnownFileType = sourcecode.swift; path = Tab.swift; sourceTree = "<group>"; };
		40E2546A2905356400FA604E /* Launch Screen.storyboard */ = {isa = PBXFileReference; lastKnownFileType = file.storyboard; path = "Launch Screen.storyboard"; sourceTree = "<group>"; };
		40EBA82B29AB85EB00EC796D /* GoogleService-Info.plist */ = {isa = PBXFileReference; fileEncoding = 4; lastKnownFileType = text.plist.xml; path = "GoogleService-Info.plist"; sourceTree = "<group>"; };
		40EDFC24286EF5B500FD7A2A /* DocumentReference + Extension.swift */ = {isa = PBXFileReference; lastKnownFileType = sourcecode.swift; path = "DocumentReference + Extension.swift"; sourceTree = "<group>"; };
		40EDFC26286EF5E400FD7A2A /* Query + Extension.swift */ = {isa = PBXFileReference; lastKnownFileType = sourcecode.swift; path = "Query + Extension.swift"; sourceTree = "<group>"; };
		40EEDDDD2864682D00B1F38C /* ChattingViewModel.swift */ = {isa = PBXFileReference; lastKnownFileType = sourcecode.swift; path = ChattingViewModel.swift; sourceTree = "<group>"; };
		40EF995D284746BB0062612E /* ConversationTitleRow.swift */ = {isa = PBXFileReference; lastKnownFileType = sourcecode.swift; path = ConversationTitleRow.swift; sourceTree = "<group>"; };
		40EF995F284747740062612E /* ConversationView.swift */ = {isa = PBXFileReference; lastKnownFileType = sourcecode.swift; path = ConversationView.swift; sourceTree = "<group>"; };
		40EF9961284747810062612E /* Message.swift */ = {isa = PBXFileReference; lastKnownFileType = sourcecode.swift; path = Message.swift; sourceTree = "<group>"; };
		40EF9963284748250062612E /* MessageBubble.swift */ = {isa = PBXFileReference; lastKnownFileType = sourcecode.swift; path = MessageBubble.swift; sourceTree = "<group>"; };
		40EF996528474AA60062612E /* View + Extenston.swift */ = {isa = PBXFileReference; lastKnownFileType = sourcecode.swift; path = "View + Extenston.swift"; sourceTree = "<group>"; };
		40EF996728474B6F0062612E /* MessageField.swift */ = {isa = PBXFileReference; lastKnownFileType = sourcecode.swift; path = MessageField.swift; sourceTree = "<group>"; };
		40FA6F6128576D01001AAC09 /* EditProfileView.swift */ = {isa = PBXFileReference; lastKnownFileType = sourcecode.swift; path = EditProfileView.swift; sourceTree = "<group>"; };
		40FBC21229B2061B00E04ACC /* Haptics.swift */ = {isa = PBXFileReference; lastKnownFileType = sourcecode.swift; path = Haptics.swift; sourceTree = "<group>"; };
/* End PBXFileReference section */

/* Begin PBXFrameworksBuildPhase section */
		400142DF282EBA8400E5D497 /* Frameworks */ = {
			isa = PBXFrameworksBuildPhase;
			buildActionMask = 2147483647;
			files = (
				401E917829012B1C0051D52A /* FirebaseDatabaseSwift in Frameworks */,
				40A1A5F72855BF5700D30A7B /* SDWebImageSwiftUI in Frameworks */,
				401E917429012B1C0051D52A /* FirebaseAuth in Frameworks */,
				401E917C29012B1C0051D52A /* FirebaseFirestoreSwift in Frameworks */,
				401E917629012B1C0051D52A /* FirebaseDatabase in Frameworks */,
				401E917E29012B1C0051D52A /* FirebaseStorage in Frameworks */,
				40C3A103283A94E500A9683A /* GoogleSignIn in Frameworks */,
				401E917A29012B1C0051D52A /* FirebaseFirestore in Frameworks */,
			);
			runOnlyForDeploymentPostprocessing = 0;
		};
		4089D6732888025B00FC987E /* Frameworks */ = {
			isa = PBXFrameworksBuildPhase;
			buildActionMask = 2147483647;
			files = (
			);
			runOnlyForDeploymentPostprocessing = 0;
		};
/* End PBXFrameworksBuildPhase section */

/* Begin PBXGroup section */
		400142D9282EBA8400E5D497 = {
			isa = PBXGroup;
			children = (
				400142E4282EBA8400E5D497 /* Chat */,
				4089D6772888025B00FC987E /* ChatUITests */,
				400142E3282EBA8400E5D497 /* Products */,
			);
			sourceTree = "<group>";
		};
		400142E3282EBA8400E5D497 /* Products */ = {
			isa = PBXGroup;
			children = (
				400142E2282EBA8400E5D497 /* Chat.app */,
				4089D6762888025B00FC987E /* ChatUITests.xctest */,
			);
			name = Products;
			sourceTree = "<group>";
		};
		400142E4282EBA8400E5D497 /* Chat */ = {
			isa = PBXGroup;
			children = (
				40ECD6F128A03DD6006935B1 /*  Helpers */,
				40EDFC23286EF58400FD7A2A /* Extensions */,
				40B2DA18283A7A3900965DC5 /* Chat.entitlements */,
				40EBA82B29AB85EB00EC796D /* GoogleService-Info.plist */,
				40C3A104283A958A00A9683A /* Info.plist */,
				400142F5282EBACF00E5D497 /* Model */,
				400142F4282EBAC000E5D497 /* ViewModel */,
				400E81AB28686185006A606E /* SubViews */,
				400142F3282EBAB900E5D497 /* View */,
				400142E5282EBA8400E5D497 /* ChatApp.swift */,
				400142E9282EBA8500E5D497 /* Assets.xcassets */,
				400142EB282EBA8500E5D497 /* Preview Content */,
				40E2546A2905356400FA604E /* Launch Screen.storyboard */,
			);
			path = Chat;
			sourceTree = "<group>";
		};
		400142EB282EBA8500E5D497 /* Preview Content */ = {
			isa = PBXGroup;
			children = (
				400142EC282EBA8500E5D497 /* Preview Assets.xcassets */,
			);
			path = "Preview Content";
			sourceTree = "<group>";
		};
		400142F3282EBAB900E5D497 /* View */ = {
			isa = PBXGroup;
			children = (
				408A661228C8C335006101CA /* Main */,
				4039A6602854A01D00C74377 /* authetication */,
				40C3A105283AA2DB00A9683A /* SideMenuViews */,
				4024EB0E28393CF40082E739 /* TabBarView.swift */,
				40EF995F284747740062612E /* ConversationView.swift */,
				409AC7632849E9A300BD00F9 /* SearchView.swift */,
				40FA6F6128576D01001AAC09 /* EditProfileView.swift */,
				400E81AC286861EE006A606E /* CreateChannelView.swift */,
				40153F27286B32460022DA46 /* ChannelConversationView.swift */,
				4021DD0A288AA7E30060B18E /* ChannelViews */,
				403ED1532954802500F4954D /* CoupleImagesView.swift */,
			);
			path = View;
			sourceTree = "<group>";
		};
		400142F4282EBAC000E5D497 /* ViewModel */ = {
			isa = PBXGroup;
			children = (
				404B283B28C72F940096C8F0 /* Managers */,
				4056D63C2833DD17000A0872 /* UserViewModel.swift */,
				4024EB0A28382D960082E739 /* SideMenuViewModel.swift */,
				4039A6662854BDAA00C74377 /* EditProfileViewModel.swift */,
				40C64B92285D29830057F7CA /* MessagingViewModel.swift */,
				40EEDDDD2864682D00B1F38C /* ChattingViewModel.swift */,
				400E81A9286859AD006A606E /* ChannelViewModel.swift */,
				40153F25286B2D250022DA46 /* ImageViewModel.swift */,
				40153F29286B32BC0022DA46 /* ChannelMessagingViewModel.swift */,
				40C6691F28894D270087A9DF /* EditChannelViewModel.swift */,
				401E917F29012B400051D52A /* PresenceViewModel.swift */,
				404303A429535D64008C8452 /* ImagePickerViewModel.swift */,
			);
			path = ViewModel;
			sourceTree = "<group>";
		};
		400142F5282EBACF00E5D497 /* Model */ = {
			isa = PBXGroup;
			children = (
				40399E7829B7A0A000E914CE /* Firebase Model */,
				40D5C41528428B3A0015DFBB /* Tab.swift */,
				404303A629535DCD008C8452 /* ImageAsset.swift */,
				405FDEEB29B10DA700A566C3 /* AlertType.swift */,
			);
			path = Model;
			sourceTree = "<group>";
		};
		400E81AB28686185006A606E /* SubViews */ = {
			isa = PBXGroup;
			children = (
				408A661328C8C360006101CA /* Conversation views */,
				4024EB00283802130082E739 /* CustomAlert.swift */,
				4076E0AC283FB54A00E21131 /* LoaderView.swift */,
				406DC3A1284C8B5E00A41964 /* SearchUserListRow.swift */,
				4056D6402834024B000A0872 /* ChatListRow.swift */,
				40B0A48B2869BC290008374E /* AddUserCreateChannelRow.swift */,
				40153F23286B18F70022DA46 /* ChannelListRow.swift */,
				401B7D2B287C5508004A467F /* RollingText.swift */,
				40A766B728843045002D6FA5 /* removeUsersFromChannelListRow.swift */,
				40442EAE289575F800E32FEF /* HeaderWithBackButton.swift */,
				40A701612896CF74002ECB1C /* EmptyImageWithCharacterView.swift */,
				408A661128C8C305006101CA /* Emoji reaction views */,
				4056DA2A28A7ECD100246AC4 /* ResizeableTextView.swift */,
				40C4F29328C5DCE9008D03C8 /* Blur.swift */,
				404303A829535F54008C8452 /* CustomImagePicker.swift */,
				40871EA62955A1A30011D6FB /* ImageDetailedView.swift */,
				40871EAA2955A2BC0011D6FB /* ControlImageView.swift */,
				409146B1299A9B0200455F20 /* CoupleChatsImagesInRow.swift */,
				409146B5299A9F7700455F20 /* CoupleChannelsImagesInRow.swift */,
			);
			path = SubViews;
			sourceTree = "<group>";
		};
		4021DD0A288AA7E30060B18E /* ChannelViews */ = {
			isa = PBXGroup;
			children = (
				409F252E2882B574005D0E6A /* addUserToChannelView.swift */,
				40A766B528842C19002D6FA5 /* removeUsersFromChannelView.swift */,
				4021DD08288AA7CA0060B18E /* EditChannelView.swift */,
			);
			path = ChannelViews;
			sourceTree = "<group>";
		};
		40399E7829B7A0A000E914CE /* Firebase Model */ = {
			isa = PBXGroup;
			children = (
				40649D18288F2C5F00B8F500 /* ChannelType.swift */,
				4001F19C2848950600D17CCA /* User.swift */,
				406DC3A4284C8F6500A41964 /* Chat.swift */,
				400E81A72868583A006A606E /* Channel.swift */,
				40EF9961284747810062612E /* Message.swift */,
			);
			path = "Firebase Model";
			sourceTree = "<group>";
		};
		4039A6602854A01D00C74377 /* authetication */ = {
			isa = PBXGroup;
			children = (
				405FD37E282FEFD200361396 /* SignInView.swift */,
				4056D63A2833D8E8000A0872 /* SignUpView.swift */,
			);
			path = authetication;
			sourceTree = "<group>";
		};
		404B283B28C72F940096C8F0 /* Managers */ = {
			isa = PBXGroup;
			children = (
				404B283C28C72FAF0096C8F0 /* StorageReferencesManager.swift */,
				409E2B6D2934AA9C002FE204 /* FirestorePathManager.swift */,
			);
			path = Managers;
			sourceTree = "<group>";
		};
		4089D6772888025B00FC987E /* ChatUITests */ = {
			isa = PBXGroup;
			children = (
				4089D6782888025B00FC987E /* ChatUITests.swift */,
				4089D67A2888025B00FC987E /* ChatUITestsLaunchTests.swift */,
			);
			path = ChatUITests;
			sourceTree = "<group>";
		};
		408A661128C8C305006101CA /* Emoji reaction views */ = {
			isa = PBXGroup;
			children = (
				409894CB289D937C00720A1E /* AnimatedEmoji.swift */,
				409894CD289D978000720A1E /* EmojiView.swift */,
			);
			path = "Emoji reaction views";
			sourceTree = "<group>";
		};
		408A661228C8C335006101CA /* Main */ = {
			isa = PBXGroup;
			children = (
				400142E7282EBA8400E5D497 /* RootView.swift */,
				408E26112832C44800CE108E /* MainView.swift */,
			);
			path = Main;
			sourceTree = "<group>";
		};
		408A661328C8C360006101CA /* Conversation views */ = {
			isa = PBXGroup;
			children = (
				40EF995D284746BB0062612E /* ConversationTitleRow.swift */,
				40EF9963284748250062612E /* MessageBubble.swift */,
				406CBA7F290D173700FA5FCC /* ChannelMessageBubble.swift */,
				40EF996728474B6F0062612E /* MessageField.swift */,
				40153F2B286B35A20022DA46 /* ChannelMessageField.swift */,
				40153F2D286B370B0022DA46 /* ChannelTitleRow.swift */,
			);
			path = "Conversation views";
			sourceTree = "<group>";
		};
		40B5D30529AD0D360008E8AF /* Firebase + Extension */ = {
			isa = PBXGroup;
			children = (
				40EDFC24286EF5B500FD7A2A /* DocumentReference + Extension.swift */,
				40EDFC26286EF5E400FD7A2A /* Query + Extension.swift */,
			);
			path = "Firebase + Extension";
			sourceTree = "<group>";
		};
		40C3A105283AA2DB00A9683A /* SideMenuViews */ = {
			isa = PBXGroup;
			children = (
				4024EB0228382AE80082E739 /* SideMenuView.swift */,
				4024EB0628382B030082E739 /* SideMenuHeaderView.swift */,
				4024EB0828382B190082E739 /* SideMenuOptionView.swift */,
			);
			path = SideMenuViews;
			sourceTree = "<group>";
		};
		40ECD6F128A03DD6006935B1 /*  Helpers */ = {
			isa = PBXGroup;
			children = (
				408B0B5329A8FE5B00AAE470 /* LinearInterpolation.swift */,
				402E4B60296F1779001ADD65 /* PreferenceKeys.swift */,
				40FBC21229B2061B00E04ACC /* Haptics.swift */,
			);
			path = " Helpers";
			sourceTree = "<group>";
		};
		40EDFC23286EF58400FD7A2A /* Extensions */ = {
			isa = PBXGroup;
			children = (
				40B5D30529AD0D360008E8AF /* Firebase + Extension */,
				40EF996528474AA60062612E /* View + Extenston.swift */,
				4021DD0B288AAFDA0060B18E /* String + Extension.swift */,
				40A78B3B288D9E9B0026C465 /* Text + Extension.swift */,
				4099D9AC28B7C70500DCE75F /* UIApplication + Extension.swift */,
				40CFF1DF28C4EDC7001544CD /* Color + Extension.swift */,
				40BD4FB8290BF517005B117B /* Array + Extension.swift */,
				40C27277292D0608008924A5 /* Optional + Extension.swift */,
				404B8779292F66BB00005C42 /* Thread  + Extension.swift */,
			);
			path = Extensions;
			sourceTree = "<group>";
		};
/* End PBXGroup section */

/* Begin PBXNativeTarget section */
		400142E1282EBA8400E5D497 /* Chat */ = {
			isa = PBXNativeTarget;
			buildConfigurationList = 400142F0282EBA8500E5D497 /* Build configuration list for PBXNativeTarget "Chat" */;
			buildPhases = (
				4032B3AD2850D65400DA02C1 /* Swiftlint */,
				400142DE282EBA8400E5D497 /* Sources */,
				400142DF282EBA8400E5D497 /* Frameworks */,
				400142E0282EBA8400E5D497 /* Resources */,
			);
			buildRules = (
			);
			dependencies = (
			);
			name = Chat;
			packageProductDependencies = (
				40C3A102283A94E500A9683A /* GoogleSignIn */,
				40A1A5F62855BF5700D30A7B /* SDWebImageSwiftUI */,
				401E917329012B1C0051D52A /* FirebaseAuth */,
				401E917529012B1C0051D52A /* FirebaseDatabase */,
				401E917729012B1C0051D52A /* FirebaseDatabaseSwift */,
				401E917929012B1C0051D52A /* FirebaseFirestore */,
				401E917B29012B1C0051D52A /* FirebaseFirestoreSwift */,
				401E917D29012B1C0051D52A /* FirebaseStorage */,
			);
			productName = Chat;
			productReference = 400142E2282EBA8400E5D497 /* Chat.app */;
			productType = "com.apple.product-type.application";
		};
		4089D6752888025B00FC987E /* ChatUITests */ = {
			isa = PBXNativeTarget;
			buildConfigurationList = 4089D6802888025B00FC987E /* Build configuration list for PBXNativeTarget "ChatUITests" */;
			buildPhases = (
				4089D6722888025B00FC987E /* Sources */,
				4089D6732888025B00FC987E /* Frameworks */,
				4089D6742888025B00FC987E /* Resources */,
			);
			buildRules = (
			);
			dependencies = (
				4089D67D2888025B00FC987E /* PBXTargetDependency */,
			);
			name = ChatUITests;
			productName = ChatUITests;
			productReference = 4089D6762888025B00FC987E /* ChatUITests.xctest */;
			productType = "com.apple.product-type.bundle.ui-testing";
		};
/* End PBXNativeTarget section */

/* Begin PBXProject section */
		400142DA282EBA8400E5D497 /* Project object */ = {
			isa = PBXProject;
			attributes = {
				BuildIndependentTargetsInParallel = 1;
				LastSwiftUpdateCheck = 1340;
				LastUpgradeCheck = 1320;
				TargetAttributes = {
					400142E1282EBA8400E5D497 = {
						CreatedOnToolsVersion = 13.2.1;
					};
					4089D6752888025B00FC987E = {
						CreatedOnToolsVersion = 13.4;
						TestTargetID = 400142E1282EBA8400E5D497;
					};
				};
			};
			buildConfigurationList = 400142DD282EBA8400E5D497 /* Build configuration list for PBXProject "Chat" */;
			compatibilityVersion = "Xcode 13.0";
			developmentRegion = en;
			hasScannedForEncodings = 0;
			knownRegions = (
				en,
				Base,
			);
			mainGroup = 400142D9282EBA8400E5D497;
			packageReferences = (
				40C3A101283A94E500A9683A /* XCRemoteSwiftPackageReference "GoogleSignIn-iOS" */,
				40A1A5F52855BF5700D30A7B /* XCRemoteSwiftPackageReference "SDWebImageSwiftUI" */,
				401E917229012B1C0051D52A /* XCRemoteSwiftPackageReference "firebase-ios-sdk" */,
			);
			productRefGroup = 400142E3282EBA8400E5D497 /* Products */;
			projectDirPath = "";
			projectRoot = "";
			targets = (
				400142E1282EBA8400E5D497 /* Chat */,
				4089D6752888025B00FC987E /* ChatUITests */,
			);
		};
/* End PBXProject section */

/* Begin PBXResourcesBuildPhase section */
		400142E0282EBA8400E5D497 /* Resources */ = {
			isa = PBXResourcesBuildPhase;
			buildActionMask = 2147483647;
			files = (
				400142ED282EBA8500E5D497 /* Preview Assets.xcassets in Resources */,
				40EBA82C29AB85EB00EC796D /* GoogleService-Info.plist in Resources */,
				400142EA282EBA8500E5D497 /* Assets.xcassets in Resources */,
				40E2546B2905356400FA604E /* Launch Screen.storyboard in Resources */,
			);
			runOnlyForDeploymentPostprocessing = 0;
		};
		4089D6742888025B00FC987E /* Resources */ = {
			isa = PBXResourcesBuildPhase;
			buildActionMask = 2147483647;
			files = (
			);
			runOnlyForDeploymentPostprocessing = 0;
		};
/* End PBXResourcesBuildPhase section */

/* Begin PBXShellScriptBuildPhase section */
		4032B3AD2850D65400DA02C1 /* Swiftlint */ = {
			isa = PBXShellScriptBuildPhase;
			alwaysOutOfDate = 1;
			buildActionMask = 2147483647;
			files = (
			);
			inputFileListPaths = (
			);
			inputPaths = (
			);
			name = Swiftlint;
			outputFileListPaths = (
			);
			outputPaths = (
			);
			runOnlyForDeploymentPostprocessing = 0;
			shellPath = /bin/sh;
			shellScript = "export PATH=\"$PATH:/opt/homebrew/bin\"\n\nif which swiftlint > /dev/null; then\n  swiftlint\nelse\n  echo \"warning: SwiftLint not installed, download from https://github.com/realm/SwiftLint\"\nfi\n";
		};
/* End PBXShellScriptBuildPhase section */

/* Begin PBXSourcesBuildPhase section */
		400142DE282EBA8400E5D497 /* Sources */ = {
			isa = PBXSourcesBuildPhase;
			buildActionMask = 2147483647;
			files = (
				404303A929535F54008C8452 /* CustomImagePicker.swift in Sources */,
				40153F2A286B32BC0022DA46 /* ChannelMessagingViewModel.swift in Sources */,
				40153F24286B18F70022DA46 /* ChannelListRow.swift in Sources */,
				404303A529535D64008C8452 /* ImagePickerViewModel.swift in Sources */,
				406DC3A2284C8B5E00A41964 /* SearchUserListRow.swift in Sources */,
				409894CC289D937C00720A1E /* AnimatedEmoji.swift in Sources */,
				400E81A82868583A006A606E /* Channel.swift in Sources */,
				40C27278292D0608008924A5 /* Optional + Extension.swift in Sources */,
				4056D63B2833D8E8000A0872 /* SignUpView.swift in Sources */,
				40442EAF289575F800E32FEF /* HeaderWithBackButton.swift in Sources */,
				404B283D28C72FAF0096C8F0 /* StorageReferencesManager.swift in Sources */,
				40EF996828474B6F0062612E /* MessageField.swift in Sources */,
				405FDEEC29B10DA700A566C3 /* AlertType.swift in Sources */,
				4099D9AD28B7C70500DCE75F /* UIApplication + Extension.swift in Sources */,
				40CFF1E028C4EDC7001544CD /* Color + Extension.swift in Sources */,
				40A701622896CF74002ECB1C /* EmptyImageWithCharacterView.swift in Sources */,
				409146B2299A9B0200455F20 /* CoupleChatsImagesInRow.swift in Sources */,
				40B0A48C2869BC290008374E /* AddUserCreateChannelRow.swift in Sources */,
				408B0B5429A8FE5B00AAE470 /* LinearInterpolation.swift in Sources */,
				4024EB0F28393CF40082E739 /* TabBarView.swift in Sources */,
				409AC7642849E9A300BD00F9 /* SearchView.swift in Sources */,
				40A78B3C288D9E9B0026C465 /* Text + Extension.swift in Sources */,
				409146B6299A9F7700455F20 /* CoupleChannelsImagesInRow.swift in Sources */,
				40649D19288F2C5F00B8F500 /* ChannelType.swift in Sources */,
				40153F28286B32460022DA46 /* ChannelConversationView.swift in Sources */,
				4076E0AD283FB54A00E21131 /* LoaderView.swift in Sources */,
				409894CE289D978000720A1E /* EmojiView.swift in Sources */,
				4021DD0C288AAFDA0060B18E /* String + Extension.swift in Sources */,
				40A766B628842C19002D6FA5 /* removeUsersFromChannelView.swift in Sources */,
				405FD37F282FEFD200361396 /* SignInView.swift in Sources */,
				40EF9960284747740062612E /* ConversationView.swift in Sources */,
				40871EAB2955A2BC0011D6FB /* ControlImageView.swift in Sources */,
				4024EB0328382AE80082E739 /* SideMenuView.swift in Sources */,
				40C6692028894D270087A9DF /* EditChannelViewModel.swift in Sources */,
				4021DD09288AA7CA0060B18E /* EditChannelView.swift in Sources */,
				40FBC21329B2061B00E04ACC /* Haptics.swift in Sources */,
				4056D6412834024B000A0872 /* ChatListRow.swift in Sources */,
				4024EB01283802130082E739 /* CustomAlert.swift in Sources */,
				404303A729535DCD008C8452 /* ImageAsset.swift in Sources */,
				4024EB0928382B190082E739 /* SideMenuOptionView.swift in Sources */,
				40FA6F6228576D01001AAC09 /* EditProfileView.swift in Sources */,
				40EF996628474AA60062612E /* View + Extenston.swift in Sources */,
				40871EA72955A1A30011D6FB /* ImageDetailedView.swift in Sources */,
				4056DA2B28A7ECD100246AC4 /* ResizeableTextView.swift in Sources */,
				40C4F29428C5DCE9008D03C8 /* Blur.swift in Sources */,
				40A766B828843045002D6FA5 /* removeUsersFromChannelListRow.swift in Sources */,
				4039A6672854BDAA00C74377 /* EditProfileViewModel.swift in Sources */,
				403ED1542954802500F4954D /* CoupleImagesView.swift in Sources */,
				40C64B93285D29830057F7CA /* MessagingViewModel.swift in Sources */,
				40EF9964284748250062612E /* MessageBubble.swift in Sources */,
				409F252F2882B574005D0E6A /* addUserToChannelView.swift in Sources */,
				402E4B61296F1779001ADD65 /* PreferenceKeys.swift in Sources */,
				401E918029012B400051D52A /* PresenceViewModel.swift in Sources */,
				40EDFC25286EF5B500FD7A2A /* DocumentReference + Extension.swift in Sources */,
				4024EB0728382B030082E739 /* SideMenuHeaderView.swift in Sources */,
				4056D63D2833DD17000A0872 /* UserViewModel.swift in Sources */,
				4024EB0B28382D960082E739 /* SideMenuViewModel.swift in Sources */,
				401B7D2C287C5508004A467F /* RollingText.swift in Sources */,
				404B877A292F66BB00005C42 /* Thread  + Extension.swift in Sources */,
				40EDFC27286EF5E400FD7A2A /* Query + Extension.swift in Sources */,
				40BD4FB9290BF517005B117B /* Array + Extension.swift in Sources */,
				40EEDDDE2864682D00B1F38C /* ChattingViewModel.swift in Sources */,
				400E81AD286861EE006A606E /* CreateChannelView.swift in Sources */,
				40D5C41628428B3A0015DFBB /* Tab.swift in Sources */,
				40153F2C286B35A20022DA46 /* ChannelMessageField.swift in Sources */,
				40153F26286B2D250022DA46 /* ImageViewModel.swift in Sources */,
				408E26122832C44800CE108E /* MainView.swift in Sources */,
				406CBA80290D173700FA5FCC /* ChannelMessageBubble.swift in Sources */,
				400142E8282EBA8400E5D497 /* RootView.swift in Sources */,
				400E81AA286859AD006A606E /* ChannelViewModel.swift in Sources */,
				40153F2E286B370B0022DA46 /* ChannelTitleRow.swift in Sources */,
				406DC3A5284C8F6500A41964 /* Chat.swift in Sources */,
				4001F19D2848950600D17CCA /* User.swift in Sources */,
				40EF9962284747810062612E /* Message.swift in Sources */,
				400142E6282EBA8400E5D497 /* ChatApp.swift in Sources */,
				409E2B6E2934AA9C002FE204 /* FirestorePathManager.swift in Sources */,
				40EF995E284746BB0062612E /* ConversationTitleRow.swift in Sources */,
			);
			runOnlyForDeploymentPostprocessing = 0;
		};
		4089D6722888025B00FC987E /* Sources */ = {
			isa = PBXSourcesBuildPhase;
			buildActionMask = 2147483647;
			files = (
				4089D67B2888025B00FC987E /* ChatUITestsLaunchTests.swift in Sources */,
				4089D6792888025B00FC987E /* ChatUITests.swift in Sources */,
			);
			runOnlyForDeploymentPostprocessing = 0;
		};
/* End PBXSourcesBuildPhase section */

/* Begin PBXTargetDependency section */
		4089D67D2888025B00FC987E /* PBXTargetDependency */ = {
			isa = PBXTargetDependency;
			target = 400142E1282EBA8400E5D497 /* Chat */;
			targetProxy = 4089D67C2888025B00FC987E /* PBXContainerItemProxy */;
		};
/* End PBXTargetDependency section */

/* Begin XCBuildConfiguration section */
		400142EE282EBA8500E5D497 /* Debug */ = {
			isa = XCBuildConfiguration;
			buildSettings = {
				ALWAYS_SEARCH_USER_PATHS = NO;
				CLANG_ANALYZER_NONNULL = YES;
				CLANG_ANALYZER_NUMBER_OBJECT_CONVERSION = YES_AGGRESSIVE;
				CLANG_CXX_LANGUAGE_STANDARD = "gnu++17";
				CLANG_CXX_LIBRARY = "libc++";
				CLANG_ENABLE_MODULES = YES;
				CLANG_ENABLE_OBJC_ARC = YES;
				CLANG_ENABLE_OBJC_WEAK = YES;
				CLANG_WARN_BLOCK_CAPTURE_AUTORELEASING = YES;
				CLANG_WARN_BOOL_CONVERSION = YES;
				CLANG_WARN_COMMA = YES;
				CLANG_WARN_CONSTANT_CONVERSION = YES;
				CLANG_WARN_DEPRECATED_OBJC_IMPLEMENTATIONS = YES;
				CLANG_WARN_DIRECT_OBJC_ISA_USAGE = YES_ERROR;
				CLANG_WARN_DOCUMENTATION_COMMENTS = YES;
				CLANG_WARN_EMPTY_BODY = YES;
				CLANG_WARN_ENUM_CONVERSION = YES;
				CLANG_WARN_INFINITE_RECURSION = YES;
				CLANG_WARN_INT_CONVERSION = YES;
				CLANG_WARN_NON_LITERAL_NULL_CONVERSION = YES;
				CLANG_WARN_OBJC_IMPLICIT_RETAIN_SELF = YES;
				CLANG_WARN_OBJC_LITERAL_CONVERSION = YES;
				CLANG_WARN_OBJC_ROOT_CLASS = YES_ERROR;
				CLANG_WARN_QUOTED_INCLUDE_IN_FRAMEWORK_HEADER = YES;
				CLANG_WARN_RANGE_LOOP_ANALYSIS = YES;
				CLANG_WARN_STRICT_PROTOTYPES = YES;
				CLANG_WARN_SUSPICIOUS_MOVE = YES;
				CLANG_WARN_UNGUARDED_AVAILABILITY = YES_AGGRESSIVE;
				CLANG_WARN_UNREACHABLE_CODE = YES;
				CLANG_WARN__DUPLICATE_METHOD_MATCH = YES;
				COPY_PHASE_STRIP = NO;
				DEBUG_INFORMATION_FORMAT = dwarf;
				ENABLE_STRICT_OBJC_MSGSEND = YES;
				ENABLE_TESTABILITY = YES;
				GCC_C_LANGUAGE_STANDARD = gnu11;
				GCC_DYNAMIC_NO_PIC = NO;
				GCC_NO_COMMON_BLOCKS = YES;
				GCC_OPTIMIZATION_LEVEL = 0;
				GCC_PREPROCESSOR_DEFINITIONS = (
					"DEBUG=1",
					"$(inherited)",
				);
				GCC_WARN_64_TO_32_BIT_CONVERSION = YES;
				GCC_WARN_ABOUT_RETURN_TYPE = YES_ERROR;
				GCC_WARN_UNDECLARED_SELECTOR = YES;
				GCC_WARN_UNINITIALIZED_AUTOS = YES_AGGRESSIVE;
				GCC_WARN_UNUSED_FUNCTION = YES;
				GCC_WARN_UNUSED_VARIABLE = YES;
				IPHONEOS_DEPLOYMENT_TARGET = 16.0;
				MTL_ENABLE_DEBUG_INFO = INCLUDE_SOURCE;
				MTL_FAST_MATH = YES;
				ONLY_ACTIVE_ARCH = YES;
				SDKROOT = iphoneos;
				SWIFT_ACTIVE_COMPILATION_CONDITIONS = DEBUG;
				SWIFT_OPTIMIZATION_LEVEL = "-Onone";
			};
			name = Debug;
		};
		400142EF282EBA8500E5D497 /* Release */ = {
			isa = XCBuildConfiguration;
			buildSettings = {
				ALWAYS_SEARCH_USER_PATHS = NO;
				CLANG_ANALYZER_NONNULL = YES;
				CLANG_ANALYZER_NUMBER_OBJECT_CONVERSION = YES_AGGRESSIVE;
				CLANG_CXX_LANGUAGE_STANDARD = "gnu++17";
				CLANG_CXX_LIBRARY = "libc++";
				CLANG_ENABLE_MODULES = YES;
				CLANG_ENABLE_OBJC_ARC = YES;
				CLANG_ENABLE_OBJC_WEAK = YES;
				CLANG_WARN_BLOCK_CAPTURE_AUTORELEASING = YES;
				CLANG_WARN_BOOL_CONVERSION = YES;
				CLANG_WARN_COMMA = YES;
				CLANG_WARN_CONSTANT_CONVERSION = YES;
				CLANG_WARN_DEPRECATED_OBJC_IMPLEMENTATIONS = YES;
				CLANG_WARN_DIRECT_OBJC_ISA_USAGE = YES_ERROR;
				CLANG_WARN_DOCUMENTATION_COMMENTS = YES;
				CLANG_WARN_EMPTY_BODY = YES;
				CLANG_WARN_ENUM_CONVERSION = YES;
				CLANG_WARN_INFINITE_RECURSION = YES;
				CLANG_WARN_INT_CONVERSION = YES;
				CLANG_WARN_NON_LITERAL_NULL_CONVERSION = YES;
				CLANG_WARN_OBJC_IMPLICIT_RETAIN_SELF = YES;
				CLANG_WARN_OBJC_LITERAL_CONVERSION = YES;
				CLANG_WARN_OBJC_ROOT_CLASS = YES_ERROR;
				CLANG_WARN_QUOTED_INCLUDE_IN_FRAMEWORK_HEADER = YES;
				CLANG_WARN_RANGE_LOOP_ANALYSIS = YES;
				CLANG_WARN_STRICT_PROTOTYPES = YES;
				CLANG_WARN_SUSPICIOUS_MOVE = YES;
				CLANG_WARN_UNGUARDED_AVAILABILITY = YES_AGGRESSIVE;
				CLANG_WARN_UNREACHABLE_CODE = YES;
				CLANG_WARN__DUPLICATE_METHOD_MATCH = YES;
				COPY_PHASE_STRIP = NO;
				DEBUG_INFORMATION_FORMAT = "dwarf-with-dsym";
				ENABLE_NS_ASSERTIONS = NO;
				ENABLE_STRICT_OBJC_MSGSEND = YES;
				GCC_C_LANGUAGE_STANDARD = gnu11;
				GCC_NO_COMMON_BLOCKS = YES;
				GCC_WARN_64_TO_32_BIT_CONVERSION = YES;
				GCC_WARN_ABOUT_RETURN_TYPE = YES_ERROR;
				GCC_WARN_UNDECLARED_SELECTOR = YES;
				GCC_WARN_UNINITIALIZED_AUTOS = YES_AGGRESSIVE;
				GCC_WARN_UNUSED_FUNCTION = YES;
				GCC_WARN_UNUSED_VARIABLE = YES;
				IPHONEOS_DEPLOYMENT_TARGET = 16.0;
				MTL_ENABLE_DEBUG_INFO = NO;
				MTL_FAST_MATH = YES;
				SDKROOT = iphoneos;
				SWIFT_COMPILATION_MODE = wholemodule;
				SWIFT_OPTIMIZATION_LEVEL = "-O";
				VALIDATE_PRODUCT = YES;
			};
			name = Release;
		};
		400142F1282EBA8500E5D497 /* Debug */ = {
			isa = XCBuildConfiguration;
			buildSettings = {
				ASSETCATALOG_COMPILER_APPICON_NAME = AppIcon;
				ASSETCATALOG_COMPILER_GLOBAL_ACCENT_COLOR_NAME = AccentColor;
				CODE_SIGN_ENTITLEMENTS = Chat/Chat.entitlements;
				CODE_SIGN_STYLE = Automatic;
				CURRENT_PROJECT_VERSION = 1;
				DEVELOPMENT_ASSET_PATHS = "\"Chat/Preview Content\"";
				DEVELOPMENT_TEAM = H6466NBM9Y;
				ENABLE_PREVIEWS = YES;
				ENABLE_TESTING_SEARCH_PATHS = YES;
				GENERATE_INFOPLIST_FILE = YES;
				INFOPLIST_FILE = Chat/Info.plist;
				INFOPLIST_KEY_NSPhotoLibraryUsageDescription = "Our app need access to your photos.";
				INFOPLIST_KEY_UIApplicationSupportsIndirectInputEvents = YES;
				INFOPLIST_KEY_UILaunchStoryboardName = "Launch Screen.storyboard";
				INFOPLIST_KEY_UIStatusBarHidden = NO;
				INFOPLIST_KEY_UIStatusBarStyle = UIStatusBarStyleDefault;
				INFOPLIST_KEY_UISupportedInterfaceOrientations = UIInterfaceOrientationPortrait;
				INFOPLIST_KEY_UISupportedInterfaceOrientations_iPad = "UIInterfaceOrientationLandscapeLeft UIInterfaceOrientationLandscapeRight UIInterfaceOrientationPortrait UIInterfaceOrientationPortraitUpsideDown";
				LD_RUNPATH_SEARCH_PATHS = (
					"$(inherited)",
					"@executable_path/Frameworks",
				);
				MARKETING_VERSION = 1.0;
				PRODUCT_BUNDLE_IDENTIFIER = Idk.Koch.Chat;
				PRODUCT_NAME = "$(TARGET_NAME)";
				SUPPORTED_PLATFORMS = "iphoneos iphonesimulator";
				SUPPORTS_MACCATALYST = NO;
				SUPPORTS_MAC_DESIGNED_FOR_IPHONE_IPAD = NO;
				SWIFT_EMIT_LOC_STRINGS = YES;
				SWIFT_VERSION = 5.0;
				TARGETED_DEVICE_FAMILY = 1;
			};
			name = Debug;
		};
		400142F2282EBA8500E5D497 /* Release */ = {
			isa = XCBuildConfiguration;
			buildSettings = {
				ASSETCATALOG_COMPILER_APPICON_NAME = AppIcon;
				ASSETCATALOG_COMPILER_GLOBAL_ACCENT_COLOR_NAME = AccentColor;
				CODE_SIGN_ENTITLEMENTS = Chat/Chat.entitlements;
				CODE_SIGN_STYLE = Automatic;
				CURRENT_PROJECT_VERSION = 1;
				DEVELOPMENT_ASSET_PATHS = "\"Chat/Preview Content\"";
				DEVELOPMENT_TEAM = H6466NBM9Y;
				ENABLE_PREVIEWS = YES;
				ENABLE_TESTING_SEARCH_PATHS = YES;
				GENERATE_INFOPLIST_FILE = YES;
				INFOPLIST_FILE = Chat/Info.plist;
				INFOPLIST_KEY_NSPhotoLibraryUsageDescription = "Our app need access to your photos.";
				INFOPLIST_KEY_UIApplicationSupportsIndirectInputEvents = YES;
				INFOPLIST_KEY_UILaunchStoryboardName = "Launch Screen.storyboard";
				INFOPLIST_KEY_UIStatusBarHidden = NO;
				INFOPLIST_KEY_UIStatusBarStyle = UIStatusBarStyleDefault;
				INFOPLIST_KEY_UISupportedInterfaceOrientations = UIInterfaceOrientationPortrait;
				INFOPLIST_KEY_UISupportedInterfaceOrientations_iPad = "UIInterfaceOrientationLandscapeLeft UIInterfaceOrientationLandscapeRight UIInterfaceOrientationPortrait UIInterfaceOrientationPortraitUpsideDown";
				LD_RUNPATH_SEARCH_PATHS = (
					"$(inherited)",
					"@executable_path/Frameworks",
				);
				MARKETING_VERSION = 1.0;
				PRODUCT_BUNDLE_IDENTIFIER = Idk.Koch.Chat;
				PRODUCT_NAME = "$(TARGET_NAME)";
				SUPPORTED_PLATFORMS = "iphoneos iphonesimulator";
				SUPPORTS_MACCATALYST = NO;
				SUPPORTS_MAC_DESIGNED_FOR_IPHONE_IPAD = NO;
				SWIFT_EMIT_LOC_STRINGS = YES;
				SWIFT_VERSION = 5.0;
				TARGETED_DEVICE_FAMILY = 1;
			};
			name = Release;
		};
		4089D67E2888025B00FC987E /* Debug */ = {
			isa = XCBuildConfiguration;
			buildSettings = {
				CODE_SIGN_STYLE = Automatic;
				CURRENT_PROJECT_VERSION = 1;
				DEVELOPMENT_TEAM = H6466NBM9Y;
				GENERATE_INFOPLIST_FILE = YES;
				IPHONEOS_DEPLOYMENT_TARGET = 15.5;
				MARKETING_VERSION = 1.0;
				PRODUCT_BUNDLE_IDENTIFIER = idk.ChatUITests;
				PRODUCT_NAME = "$(TARGET_NAME)";
				SWIFT_EMIT_LOC_STRINGS = NO;
				SWIFT_VERSION = 5.0;
				TARGETED_DEVICE_FAMILY = "1,2";
				TEST_TARGET_NAME = Chat;
			};
			name = Debug;
		};
		4089D67F2888025B00FC987E /* Release */ = {
			isa = XCBuildConfiguration;
			buildSettings = {
				CODE_SIGN_STYLE = Automatic;
				CURRENT_PROJECT_VERSION = 1;
				DEVELOPMENT_TEAM = H6466NBM9Y;
				GENERATE_INFOPLIST_FILE = YES;
				IPHONEOS_DEPLOYMENT_TARGET = 15.5;
				MARKETING_VERSION = 1.0;
				PRODUCT_BUNDLE_IDENTIFIER = idk.ChatUITests;
				PRODUCT_NAME = "$(TARGET_NAME)";
				SWIFT_EMIT_LOC_STRINGS = NO;
				SWIFT_VERSION = 5.0;
				TARGETED_DEVICE_FAMILY = "1,2";
				TEST_TARGET_NAME = Chat;
			};
			name = Release;
		};
/* End XCBuildConfiguration section */

/* Begin XCConfigurationList section */
		400142DD282EBA8400E5D497 /* Build configuration list for PBXProject "Chat" */ = {
			isa = XCConfigurationList;
			buildConfigurations = (
				400142EE282EBA8500E5D497 /* Debug */,
				400142EF282EBA8500E5D497 /* Release */,
			);
			defaultConfigurationIsVisible = 0;
			defaultConfigurationName = Debug;
		};
		400142F0282EBA8500E5D497 /* Build configuration list for PBXNativeTarget "Chat" */ = {
			isa = XCConfigurationList;
			buildConfigurations = (
				400142F1282EBA8500E5D497 /* Debug */,
				400142F2282EBA8500E5D497 /* Release */,
			);
			defaultConfigurationIsVisible = 0;
			defaultConfigurationName = Debug;
		};
		4089D6802888025B00FC987E /* Build configuration list for PBXNativeTarget "ChatUITests" */ = {
			isa = XCConfigurationList;
			buildConfigurations = (
				4089D67E2888025B00FC987E /* Debug */,
				4089D67F2888025B00FC987E /* Release */,
			);
			defaultConfigurationIsVisible = 0;
			defaultConfigurationName = Debug;
		};
/* End XCConfigurationList section */

/* Begin XCRemoteSwiftPackageReference section */
		401E917229012B1C0051D52A /* XCRemoteSwiftPackageReference "firebase-ios-sdk" */ = {
			isa = XCRemoteSwiftPackageReference;
			repositoryURL = "https://github.com/firebase/firebase-ios-sdk.git";
			requirement = {
				kind = upToNextMajorVersion;
				minimumVersion = 9.0.0;
			};
		};
		40A1A5F52855BF5700D30A7B /* XCRemoteSwiftPackageReference "SDWebImageSwiftUI" */ = {
			isa = XCRemoteSwiftPackageReference;
			repositoryURL = "https://github.com/SDWebImage/SDWebImageSwiftUI";
			requirement = {
				branch = master;
				kind = branch;
			};
		};
		40C3A101283A94E500A9683A /* XCRemoteSwiftPackageReference "GoogleSignIn-iOS" */ = {
			isa = XCRemoteSwiftPackageReference;
			repositoryURL = "https://github.com/google/GoogleSignIn-iOS";
			requirement = {
				branch = main;
				kind = branch;
			};
		};
/* End XCRemoteSwiftPackageReference section */

/* Begin XCSwiftPackageProductDependency section */
		401E917329012B1C0051D52A /* FirebaseAuth */ = {
			isa = XCSwiftPackageProductDependency;
			package = 401E917229012B1C0051D52A /* XCRemoteSwiftPackageReference "firebase-ios-sdk" */;
			productName = FirebaseAuth;
		};
		401E917529012B1C0051D52A /* FirebaseDatabase */ = {
			isa = XCSwiftPackageProductDependency;
			package = 401E917229012B1C0051D52A /* XCRemoteSwiftPackageReference "firebase-ios-sdk" */;
			productName = FirebaseDatabase;
		};
		401E917729012B1C0051D52A /* FirebaseDatabaseSwift */ = {
			isa = XCSwiftPackageProductDependency;
			package = 401E917229012B1C0051D52A /* XCRemoteSwiftPackageReference "firebase-ios-sdk" */;
			productName = FirebaseDatabaseSwift;
		};
		401E917929012B1C0051D52A /* FirebaseFirestore */ = {
			isa = XCSwiftPackageProductDependency;
			package = 401E917229012B1C0051D52A /* XCRemoteSwiftPackageReference "firebase-ios-sdk" */;
			productName = FirebaseFirestore;
		};
		401E917B29012B1C0051D52A /* FirebaseFirestoreSwift */ = {
			isa = XCSwiftPackageProductDependency;
			package = 401E917229012B1C0051D52A /* XCRemoteSwiftPackageReference "firebase-ios-sdk" */;
			productName = FirebaseFirestoreSwift;
		};
		401E917D29012B1C0051D52A /* FirebaseStorage */ = {
			isa = XCSwiftPackageProductDependency;
			package = 401E917229012B1C0051D52A /* XCRemoteSwiftPackageReference "firebase-ios-sdk" */;
			productName = FirebaseStorage;
		};
		40A1A5F62855BF5700D30A7B /* SDWebImageSwiftUI */ = {
			isa = XCSwiftPackageProductDependency;
			package = 40A1A5F52855BF5700D30A7B /* XCRemoteSwiftPackageReference "SDWebImageSwiftUI" */;
			productName = SDWebImageSwiftUI;
		};
		40C3A102283A94E500A9683A /* GoogleSignIn */ = {
			isa = XCSwiftPackageProductDependency;
			package = 40C3A101283A94E500A9683A /* XCRemoteSwiftPackageReference "GoogleSignIn-iOS" */;
			productName = GoogleSignIn;
		};
/* End XCSwiftPackageProductDependency section */
	};
	rootObject = 400142DA282EBA8400E5D497 /* Project object */;
}
